lockfileVersion: 5.4

specifiers:
  cors: ^2.8.5

dependencies:
  cors: 2.8.5

packages:

  /cors/2.8.5:
    resolution: {integrity: sha1-6sEdpRWS3Ya58G9uesKTs9+HXSk=}
    engines: {node: '>= 0.10'}
    dependencies:
      object-assign: 4.1.1
      vary: 1.1.2
    dev: false

  /object-assign/4.1.1:
    resolution: {integrity: sha1-IQmtx5ZYh8/AXLvUQsrIv7s2CGM=}
    engines: {node: '>=0.10.0'}
    dev: false

  /vary/1.1.2:
    resolution: {integrity: sha1-IpnwLG3tMNSllhsLn3RSShj2NPw=}
    engines: {node: '>= 0.8'}
    dev: false
