lockfileVersion: 5.4

specifiers:
  cors: ^2.8.5
  react-router-dom: 6.3.0

dependencies:
  cors: 2.8.5
  react-router-dom: 6.3.0

packages:

  /@babel/runtime/7.19.4:
    resolution: {integrity: sha1-pC+BRQLuRn1Vs43Rwlb1OnuIXHg=}
    engines: {node: '>=6.9.0'}
    dependencies:
      regenerator-runtime: 0.13.9
    dev: false

  /cors/2.8.5:
    resolution: {integrity: sha1-6sEdpRWS3Ya58G9uesKTs9+HXSk=}
    engines: {node: '>= 0.10'}
    dependencies:
      object-assign: 4.1.1
      vary: 1.1.2
    dev: false

  /history/5.3.0:
    resolution: {integrity: sha1-FUirqiRbpHmS8GOgeD25HvIBxzs=}
    dependencies:
      '@babel/runtime': 7.19.4
    dev: false

  /object-assign/4.1.1:
    resolution: {integrity: sha1-IQmtx5ZYh8/AXLvUQsrIv7s2CGM=}
    engines: {node: '>=0.10.0'}
    dev: false

  /react-router-dom/6.3.0:
    resolution: {integrity: sha1-oCFtqBNFTlIZBbX6VeDlF2Ej9D0=}
    peerDependencies:
      react: '>=16.8'
      react-dom: '>=16.8'
    dependencies:
      history: 5.3.0
      react-router: 6.3.0
    dev: false

  /react-router/6.3.0:
    resolution: {integrity: sha1-OXDMZLTLTq4MHqUgOoAzT90XVVc=}
    peerDependencies:
      react: '>=16.8'
    dependencies:
      history: 5.3.0
    dev: false

  /regenerator-runtime/0.13.9:
    resolution: {integrity: sha1-iSV0Kpj/2QgUmI11Zq0wyjsmO1I=}
    dev: false

  /vary/1.1.2:
    resolution: {integrity: sha1-IpnwLG3tMNSllhsLn3RSShj2NPw=}
    engines: {node: '>= 0.8'}
    dev: false
