lockfileVersion: '6.0'

settings:
  autoInstallPeers: true
  excludeLinksFromLockfile: false

dependencies:
  axios:
    specifier: ^0.28.0
    version: 0.28.1

devDependencies:
  axios-mock-adapter:
    specifier: ^1.21.5
    version: artifactory.corp.ebay.com/axios-mock-adapter@1.21.5(axios@0.28.1)
  eslint:
    specifier: ^8.20.0
    version: artifactory.corp.ebay.com/eslint@8.20.0

packages:

  /asynckit@0.4.0:
    resolution: {integrity: sha512-Oei9OH4tRh0YqU3GxhX79dM/mwVgvbZJaSNaRk+bshkj0S5cfHcgYakreBjrHwatXKbz+IoIdYLxrKim2MjW0Q==, tarball: https://artifactory.corp.ebay.com/artifactory/api/npm/npm-corp/asynckit/-/asynckit-0.4.0.tgz}

  /axios@0.28.1:
    resolution: {integrity: sha512-iUcGA5a7p0mVb4Gm/sy+FSECNkPFT4y7wt6OM/CDpO/OnNCvSs3PoMG8ibrC9jRoGYU0gUK5pXVC4NPXq6lHRQ==, tarball: https://artifactory.corp.ebay.com/artifactory/api/npm/npm-corp/axios/-/axios-0.28.1.tgz}
    dependencies:
      follow-redirects: 1.15.3
      form-data: 4.0.0
      proxy-from-env: 1.1.0
    transitivePeerDependencies:
      - debug

  /combined-stream@1.0.8:
    resolution: {integrity: sha512-FQN4MRfuJeHf7cBbBMJFXhKSDq+2kAArBlmRBvcvFE5BB1HZKXtSFASDhdlz9zOYwxh8lDdnvmMOe/+5cdoEdg==, tarball: https://artifactory.corp.ebay.com/artifactory/api/npm/npm-corp/combined-stream/-/combined-stream-1.0.8.tgz}
    engines: {node: '>= 0.8'}
    dependencies:
      delayed-stream: 1.0.0

  /concat-map@0.0.1:
    resolution: {integrity: sha1-2Klr13/Wjfd5OnMDajug1UBdR3s=}
    dev: true

  /delayed-stream@1.0.0:
    resolution: {integrity: sha512-ZySD7Nf91aLB0RxL4KGrKHBXl7Eds1DAmEdcoVawXnLD7SDhpNgtuII2aAkg7a7QS41jxPSZ17p4VdGnMHk3MQ==, tarball: https://artifactory.corp.ebay.com/artifactory/api/npm/npm-corp/delayed-stream/-/delayed-stream-1.0.0.tgz}
    engines: {node: '>=0.4.0'}

  /follow-redirects@1.15.3:
    resolution: {integrity: sha512-1VzOtuEM8pC9SFU1E+8KfTjZyMztRsgEfwQl44z8A25uy13jSzTj6dyK2Df52iV0vgHCfBwLhDWevLn95w5v6Q==, tarball: https://artifactory.corp.ebay.com/artifactory/api/npm/npm-corp/follow-redirects/-/follow-redirects-1.15.3.tgz}
    engines: {node: '>=4.0'}
    peerDependencies:
      debug: '*'
    peerDependenciesMeta:
      debug:
        optional: true

  /form-data@4.0.0:
    resolution: {integrity: sha512-ETEklSGi5t0QMZuiXoA/Q6vcnxcLQP5vdugSpuAyi6SVGi2clPPp+xgEhuMaHC+zGgn31Kd235W35f7Hykkaww==, tarball: https://artifactory.corp.ebay.com/artifactory/api/npm/npm-corp/form-data/-/form-data-4.0.0.tgz}
    engines: {node: '>= 6'}
    dependencies:
      asynckit: 0.4.0
      combined-stream: 1.0.8
      mime-types: 2.1.35

  /json-buffer@3.0.1:
    resolution: {integrity: sha1-kziAKjDTtmBfvgYT4JQAjKjAWhM=}
    dev: true

  /mime-db@1.52.0:
    resolution: {integrity: sha512-sPU4uV7dYlvtWJxwwxHD0PuihVNiE7TyAbQ5SWxDCB9mUYvOgroQOwYQQOKPJ8CIbE+1ETVlOoK1UC2nU3gYvg==, tarball: https://artifactory.corp.ebay.com/artifactory/api/npm/npm-corp/mime-db/-/mime-db-1.52.0.tgz}
    engines: {node: '>= 0.6'}

  /mime-types@2.1.35:
    resolution: {integrity: sha512-ZDY+bPm5zTTF+YpCrAU9nK0UgICYPT0QtT1NZWFv4s++TNkcgVaT0g6+4R2uI4MjQjzysHB1zxuWL50hzaeXiw==, tarball: https://artifactory.corp.ebay.com/artifactory/api/npm/npm-corp/mime-types/-/mime-types-2.1.35.tgz}
    engines: {node: '>= 0.6'}
    dependencies:
      mime-db: 1.52.0

  /proxy-from-env@1.1.0:
    resolution: {integrity: sha512-D+zkORCbA9f1tdWRK0RaCR3GPv50cMxcrz4X8k5LTSUD1Dkw47mKJEZQNunItRTkWwgtaUSo1RVFRIG9ZXiFYg==, tarball: https://artifactory.corp.ebay.com/artifactory/api/npm/npm-corp/proxy-from-env/-/proxy-from-env-1.1.0.tgz}

  artifactory.corp.ebay.com/@aashutoshrathi/word-wrap@1.2.6:
    resolution: {integrity: sha512-1Yjs2SvM8TflER/OD3cOjhWWOZb58A2t7wpE2S9XfBYTiIl+XFhQG2bjy4Pu1I+EAlCNUzRDYDdFwFYUKvXcIA==, registry: https://npm.corp.ebay.com/, tarball: https://artifactory.corp.ebay.com/artifactory/api/npm/npm-corp/@aashutoshrathi/word-wrap/-/word-wrap-1.2.6.tgz}
    name: '@aashutoshrathi/word-wrap'
    version: 1.2.6
    engines: {node: '>=0.10.0'}
    dev: true

  artifactory.corp.ebay.com/@eslint/eslintrc@1.4.1:
    resolution: {integrity: sha512-XXrH9Uarn0stsyldqDYq8r++mROmWRI1xKMXa640Bb//SY1+ECYX6VzT6Lcx5frD0V30XieqJ0oX9I2Xj5aoMA==, registry: https://npm.corp.ebay.com/, tarball: https://artifactory.corp.ebay.com/artifactory/api/npm/npm-corp/@eslint/eslintrc/-/eslintrc-1.4.1.tgz}
    name: '@eslint/eslintrc'
    version: 1.4.1
    engines: {node: ^12.22.0 || ^14.17.0 || >=16.0.0}
    dependencies:
      ajv: artifactory.corp.ebay.com/ajv@6.12.6
      debug: artifactory.corp.ebay.com/debug@4.3.4
      espree: artifactory.corp.ebay.com/espree@9.6.1
      globals: artifactory.corp.ebay.com/globals@13.23.0
      ignore: artifactory.corp.ebay.com/ignore@5.3.0
      import-fresh: artifactory.corp.ebay.com/import-fresh@3.3.0
      js-yaml: artifactory.corp.ebay.com/js-yaml@4.1.0
      minimatch: artifactory.corp.ebay.com/minimatch@3.1.2
      strip-json-comments: artifactory.corp.ebay.com/strip-json-comments@3.1.1
    transitivePeerDependencies:
      - supports-color
    dev: true

  artifactory.corp.ebay.com/@humanwhocodes/config-array@0.9.5:
    resolution: {integrity: sha512-ObyMyWxZiCu/yTisA7uzx81s40xR2fD5Cg/2Kq7G02ajkNubJf6BopgDTmDyc3U7sXpNKM8cYOw7s7Tyr+DnCw==, registry: https://npm.corp.ebay.com/, tarball: https://artifactory.corp.ebay.com/artifactory/api/npm/npm-corp/@humanwhocodes/config-array/-/config-array-0.9.5.tgz}
    name: '@humanwhocodes/config-array'
    version: 0.9.5
    engines: {node: '>=10.10.0'}
    dependencies:
      '@humanwhocodes/object-schema': artifactory.corp.ebay.com/@humanwhocodes/object-schema@1.2.1
      debug: artifactory.corp.ebay.com/debug@4.3.4
      minimatch: artifactory.corp.ebay.com/minimatch@3.1.2
    transitivePeerDependencies:
      - supports-color
    dev: true

  artifactory.corp.ebay.com/@humanwhocodes/object-schema@1.2.1:
    resolution: {integrity: sha512-ZnQMnLV4e7hDlUvw8H+U8ASL02SS2Gn6+9Ac3wGGLIe7+je2AeAOxPY+izIPJDfFDb7eDjev0Us8MO1iFRN8hA==, registry: https://npm.corp.ebay.com/, tarball: https://artifactory.corp.ebay.com/artifactory/api/npm/npm-corp/@humanwhocodes/object-schema/-/object-schema-1.2.1.tgz}
    name: '@humanwhocodes/object-schema'
    version: 1.2.1
    dev: true

  artifactory.corp.ebay.com/acorn-jsx@5.3.2(acorn@8.11.2):
    resolution: {integrity: sha512-rq9s+JNhf0IChjtDXxllJ7g41oZk5SlXtp0LHwyA5cejwn7vKmKp4pPri6YEePv2PU65sAsegbXtIinmDFDXgQ==, registry: https://npm.corp.ebay.com/, tarball: https://artifactory.corp.ebay.com/artifactory/api/npm/npm-corp/acorn-jsx/-/acorn-jsx-5.3.2.tgz}
    id: artifactory.corp.ebay.com/acorn-jsx/5.3.2
    name: acorn-jsx
    version: 5.3.2
    peerDependencies:
      acorn: ^6.0.0 || ^7.0.0 || ^8.0.0
    dependencies:
      acorn: artifactory.corp.ebay.com/acorn@8.11.2
    dev: true

  artifactory.corp.ebay.com/acorn@8.11.2:
    resolution: {integrity: sha512-nc0Axzp/0FILLEVsm4fNwLCwMttvhEI263QtVPQcbpfZZ3ts0hLsZGOpE6czNlid7CJ9MlyH8reXkpsf3YUY4w==, registry: https://npm.corp.ebay.com/, tarball: https://artifactory.corp.ebay.com/artifactory/api/npm/npm-corp/acorn/-/acorn-8.11.2.tgz}
    name: acorn
    version: 8.11.2
    engines: {node: '>=0.4.0'}
    hasBin: true
    dev: true

  artifactory.corp.ebay.com/ajv@6.12.6:
    resolution: {integrity: sha512-j3fVLgvTo527anyYyJOGTYJbG+vnnQYvE0m5mmkc1TK+nxAppkCLMIL0aZ4dblVCNoGShhm+kzE4ZUykBoMg4g==, registry: https://npm.corp.ebay.com/, tarball: https://artifactory.corp.ebay.com/artifactory/api/npm/npm-corp/ajv/-/ajv-6.12.6.tgz}
    name: ajv
    version: 6.12.6
    dependencies:
      fast-deep-equal: artifactory.corp.ebay.com/fast-deep-equal@3.1.3
      fast-json-stable-stringify: artifactory.corp.ebay.com/fast-json-stable-stringify@2.1.0
      json-schema-traverse: artifactory.corp.ebay.com/json-schema-traverse@0.4.1
      uri-js: artifactory.corp.ebay.com/uri-js@4.4.1
    dev: true

  artifactory.corp.ebay.com/ansi-regex@5.0.1:
    resolution: {integrity: sha512-quJQXlTSUGL2LH9SUXo8VwsY4soanhgo6LNSm84E1LBcE8s3O0wpdiRzyR9z/ZZJMlMWv37qOOb9pdJlMUEKFQ==, registry: https://npm.corp.ebay.com/, tarball: https://artifactory.corp.ebay.com/artifactory/api/npm/npm-corp/ansi-regex/-/ansi-regex-5.0.1.tgz}
    name: ansi-regex
    version: 5.0.1
    engines: {node: '>=8'}
    dev: true

  artifactory.corp.ebay.com/ansi-styles@4.3.0:
    resolution: {integrity: sha512-zbB9rCJAT1rbjiVDb2hqKFHNYLxgtk8NURxZ3IZwD3F6NtxbXZQCnnSi1Lkx+IDohdPlFp222wVALIheZJQSEg==, registry: https://npm.corp.ebay.com/, tarball: https://artifactory.corp.ebay.com/artifactory/api/npm/npm-corp/ansi-styles/-/ansi-styles-4.3.0.tgz}
    name: ansi-styles
    version: 4.3.0
    engines: {node: '>=8'}
    dependencies:
      color-convert: artifactory.corp.ebay.com/color-convert@2.0.1
    dev: true

  artifactory.corp.ebay.com/argparse@2.0.1:
    resolution: {integrity: sha512-8+9WqebbFzpX9OR+Wa6O29asIogeRMzcGtAINdpMHHyAg10f05aSFVBbcEqGf/PXw1EjAZ+q2/bEBg3DvurK3Q==, registry: https://npm.corp.ebay.com/, tarball: https://artifactory.corp.ebay.com/artifactory/api/npm/npm-corp/argparse/-/argparse-2.0.1.tgz}
    name: argparse
    version: 2.0.1
    dev: true

  artifactory.corp.ebay.com/axios-mock-adapter@1.21.5(axios@0.28.1):
    resolution: {integrity: sha512-5NI1V/VK+8+JeTF8niqOowuysA4b8mGzdlMN/QnTnoXbYh4HZSNiopsDclN2g/m85+G++IrEtUdZaQ3GnaMsSA==, registry: https://npm.corp.ebay.com/, tarball: https://artifactory.corp.ebay.com/artifactory/api/npm/npm-corp/axios-mock-adapter/-/axios-mock-adapter-1.21.5.tgz}
    id: artifactory.corp.ebay.com/axios-mock-adapter/1.21.5
    name: axios-mock-adapter
    version: 1.21.5
    peerDependencies:
      axios: '>= 0.17.0'
    dependencies:
      axios: 0.28.1
      fast-deep-equal: artifactory.corp.ebay.com/fast-deep-equal@3.1.3
      is-buffer: artifactory.corp.ebay.com/is-buffer@2.0.5
    dev: true

  artifactory.corp.ebay.com/balanced-match@1.0.2:
    resolution: {integrity: sha512-3oSeUO0TMV67hN1AmbXsK4yaqU7tjiHlbxRDZOpH0KW9+CeX4bRAaX0Anxt0tx2MrpRpWwQaPwIlISEJhYU5Pw==, registry: https://npm.corp.ebay.com/, tarball: https://artifactory.corp.ebay.com/artifactory/api/npm/npm-corp/balanced-match/-/balanced-match-1.0.2.tgz}
    name: balanced-match
    version: 1.0.2
    dev: true

  artifactory.corp.ebay.com/brace-expansion@1.1.11:
    resolution: {integrity: sha512-iCuPHDFgrHX7H2vEI/5xpz07zSHB00TpugqhmYtVmMO6518mCuRMoOYFldEBl0g187ufozdaHgWKcYFb61qGiA==, registry: https://npm.corp.ebay.com/, tarball: https://artifactory.corp.ebay.com/artifactory/api/npm/npm-corp/brace-expansion/-/brace-expansion-1.1.11.tgz}
    name: brace-expansion
    version: 1.1.11
    dependencies:
      balanced-match: artifactory.corp.ebay.com/balanced-match@1.0.2
      concat-map: 0.0.1
    dev: true

  artifactory.corp.ebay.com/callsites@3.1.0:
    resolution: {integrity: sha512-P8BjAsXvZS+VIDUI11hHCQEv74YT67YUi5JJFNWIqL235sBmjX4+qx9Muvls5ivyNENctx46xQLQ3aTuE7ssaQ==, registry: https://npm.corp.ebay.com/, tarball: https://artifactory.corp.ebay.com/artifactory/api/npm/npm-corp/callsites/-/callsites-3.1.0.tgz}
    name: callsites
    version: 3.1.0
    engines: {node: '>=6'}
    dev: true

  artifactory.corp.ebay.com/chalk@4.1.2:
    resolution: {integrity: sha512-oKnbhFyRIXpUuez8iBMmyEa4nbj4IOQyuhc/wy9kY7/WVPcwIO9VA668Pu8RkO7+0G76SLROeyw9CpQ061i4mA==, registry: https://npm.corp.ebay.com/, tarball: https://artifactory.corp.ebay.com/artifactory/api/npm/npm-corp/chalk/-/chalk-4.1.2.tgz}
    name: chalk
    version: 4.1.2
    engines: {node: '>=10'}
    dependencies:
      ansi-styles: artifactory.corp.ebay.com/ansi-styles@4.3.0
      supports-color: artifactory.corp.ebay.com/supports-color@7.2.0
    dev: true

  artifactory.corp.ebay.com/color-convert@2.0.1:
    resolution: {integrity: sha512-RRECPsj7iu/xb5oKYcsFHSppFNnsj/52OVTRKb4zP5onXwVF3zVmmToNcOfGC+CRDpfK/U584fMg38ZHCaElKQ==, registry: https://npm.corp.ebay.com/, tarball: https://artifactory.corp.ebay.com/artifactory/api/npm/npm-corp/color-convert/-/color-convert-2.0.1.tgz}
    name: color-convert
    version: 2.0.1
    engines: {node: '>=7.0.0'}
    dependencies:
      color-name: artifactory.corp.ebay.com/color-name@1.1.4
    dev: true

  artifactory.corp.ebay.com/color-name@1.1.4:
    resolution: {integrity: sha512-dOy+3AuW3a2wNbZHIuMZpTcgjGuLU/uBL/ubcZF9OXbDo8ff4O8yVp5Bf0efS8uEoYo5q4Fx7dY9OgQGXgAsQA==, registry: https://npm.corp.ebay.com/, tarball: https://artifactory.corp.ebay.com/artifactory/api/npm/npm-corp/color-name/-/color-name-1.1.4.tgz}
    name: color-name
    version: 1.1.4
    dev: true

  artifactory.corp.ebay.com/cross-spawn@7.0.3:
    resolution: {integrity: sha512-iRDPJKUPVEND7dHPO8rkbOnPpyDygcDFtWjpeWNCgy8WP2rXcxXL8TskReQl6OrB2G7+UJrags1q15Fudc7G6w==, registry: https://npm.corp.ebay.com/, tarball: https://artifactory.corp.ebay.com/artifactory/api/npm/npm-corp/cross-spawn/-/cross-spawn-7.0.3.tgz}
    name: cross-spawn
    version: 7.0.3
    engines: {node: '>= 8'}
    dependencies:
      path-key: artifactory.corp.ebay.com/path-key@3.1.1
      shebang-command: artifactory.corp.ebay.com/shebang-command@2.0.0
      which: artifactory.corp.ebay.com/which@2.0.2
    dev: true

  artifactory.corp.ebay.com/debug@4.3.4:
    resolution: {integrity: sha512-PRWFHuSU3eDtQJPvnNY7Jcket1j0t5OuOsFzPPzsekD52Zl8qUfFIPEiswXqIvHWGVHOgX+7G/vCNNhehwxfkQ==, registry: https://npm.corp.ebay.com/, tarball: https://artifactory.corp.ebay.com/artifactory/api/npm/npm-corp/debug/-/debug-4.3.4.tgz}
    name: debug
    version: 4.3.4
    engines: {node: '>=6.0'}
    peerDependencies:
      supports-color: '*'
    peerDependenciesMeta:
      supports-color:
        optional: true
    dependencies:
      ms: artifactory.corp.ebay.com/ms@2.1.2
    dev: true

  artifactory.corp.ebay.com/deep-is@0.1.4:
    resolution: {integrity: sha512-oIPzksmTg4/MriiaYGO+okXDT7ztn/w3Eptv/+gSIdMdKsJo0u4CfYNFJPy+4SKMuCqGw2wxnA+URMg3t8a/bQ==, registry: https://npm.corp.ebay.com/, tarball: https://artifactory.corp.ebay.com/artifactory/api/npm/npm-corp/deep-is/-/deep-is-0.1.4.tgz}
    name: deep-is
    version: 0.1.4
    dev: true

  artifactory.corp.ebay.com/doctrine@3.0.0:
    resolution: {integrity: sha512-yS+Q5i3hBf7GBkd4KG8a7eBNNWNGLTaEwwYWUijIYM7zrlYDM0BFXHjjPWlWZ1Rg7UaddZeIDmi9jF3HmqiQ2w==, registry: https://npm.corp.ebay.com/, tarball: https://artifactory.corp.ebay.com/artifactory/api/npm/npm-corp/doctrine/-/doctrine-3.0.0.tgz}
    name: doctrine
    version: 3.0.0
    engines: {node: '>=6.0.0'}
    dependencies:
      esutils: artifactory.corp.ebay.com/esutils@2.0.3
    dev: true

  artifactory.corp.ebay.com/escape-string-regexp@4.0.0:
    resolution: {integrity: sha512-TtpcNJ3XAzx3Gq8sWRzJaVajRs0uVxA2YAkdb1jm2YkPz4G6egUFAyA3n5vtEIZefPk5Wa4UXbKuS5fKkJWdgA==, registry: https://npm.corp.ebay.com/, tarball: https://artifactory.corp.ebay.com/artifactory/api/npm/npm-corp/escape-string-regexp/-/escape-string-regexp-4.0.0.tgz}
    name: escape-string-regexp
    version: 4.0.0
    engines: {node: '>=10'}
    dev: true

  artifactory.corp.ebay.com/eslint-scope@7.2.2:
    resolution: {integrity: sha512-dOt21O7lTMhDM+X9mB4GX+DZrZtCUJPL/wlcTqxyrx5IvO0IYtILdtrQGQp+8n5S0gwSVmOf9NQrjMOgfQZlIg==, registry: https://npm.corp.ebay.com/, tarball: https://artifactory.corp.ebay.com/artifactory/api/npm/npm-corp/eslint-scope/-/eslint-scope-7.2.2.tgz}
    name: eslint-scope
    version: 7.2.2
    engines: {node: ^12.22.0 || ^14.17.0 || >=16.0.0}
    dependencies:
      esrecurse: artifactory.corp.ebay.com/esrecurse@4.3.0
      estraverse: artifactory.corp.ebay.com/estraverse@5.3.0
    dev: true

  artifactory.corp.ebay.com/eslint-utils@3.0.0(eslint@8.20.0):
    resolution: {integrity: sha512-uuQC43IGctw68pJA1RgbQS8/NP7rch6Cwd4j3ZBtgo4/8Flj4eGE7ZYSZRN3iq5pVUv6GPdW5Z1RFleo84uLDA==, registry: https://npm.corp.ebay.com/, tarball: https://artifactory.corp.ebay.com/artifactory/api/npm/npm-corp/eslint-utils/-/eslint-utils-3.0.0.tgz}
    id: artifactory.corp.ebay.com/eslint-utils/3.0.0
    name: eslint-utils
    version: 3.0.0
    engines: {node: ^10.0.0 || ^12.0.0 || >= 14.0.0}
    peerDependencies:
      eslint: '>=5'
    dependencies:
      eslint: artifactory.corp.ebay.com/eslint@8.20.0
      eslint-visitor-keys: artifactory.corp.ebay.com/eslint-visitor-keys@2.1.0
    dev: true

  artifactory.corp.ebay.com/eslint-visitor-keys@2.1.0:
    resolution: {integrity: sha512-0rSmRBzXgDzIsD6mGdJgevzgezI534Cer5L/vyMX0kHzT/jiB43jRhd9YUlMGYLQy2zprNmoT8qasCGtY+QaKw==, registry: https://npm.corp.ebay.com/, tarball: https://artifactory.corp.ebay.com/artifactory/api/npm/npm-corp/eslint-visitor-keys/-/eslint-visitor-keys-2.1.0.tgz}
    name: eslint-visitor-keys
    version: 2.1.0
    engines: {node: '>=10'}
    dev: true

  artifactory.corp.ebay.com/eslint-visitor-keys@3.4.3:
    resolution: {integrity: sha512-wpc+LXeiyiisxPlEkUzU6svyS1frIO3Mgxj1fdy7Pm8Ygzguax2N3Fa/D/ag1WqbOprdI+uY6wMUl8/a2G+iag==, registry: https://npm.corp.ebay.com/, tarball: https://artifactory.corp.ebay.com/artifactory/api/npm/npm-corp/eslint-visitor-keys/-/eslint-visitor-keys-3.4.3.tgz}
    name: eslint-visitor-keys
    version: 3.4.3
    engines: {node: ^12.22.0 || ^14.17.0 || >=16.0.0}
    dev: true

  artifactory.corp.ebay.com/eslint@8.20.0:
    resolution: {integrity: sha512-d4ixhz5SKCa1D6SCPrivP7yYVi7nyD6A4vs6HIAul9ujBzcEmZVM3/0NN/yu5nKhmO1wjp5xQ46iRfmDGlOviA==, registry: https://npm.corp.ebay.com/, tarball: https://artifactory.corp.ebay.com/artifactory/api/npm/npm-corp/eslint/-/eslint-8.20.0.tgz}
    name: eslint
    version: 8.20.0
    engines: {node: ^12.22.0 || ^14.17.0 || >=16.0.0}
    hasBin: true
    dependencies:
      '@eslint/eslintrc': artifactory.corp.ebay.com/@eslint/eslintrc@1.4.1
      '@humanwhocodes/config-array': artifactory.corp.ebay.com/@humanwhocodes/config-array@0.9.5
      ajv: artifactory.corp.ebay.com/ajv@6.12.6
      chalk: artifactory.corp.ebay.com/chalk@4.1.2
      cross-spawn: artifactory.corp.ebay.com/cross-spawn@7.0.3
      debug: artifactory.corp.ebay.com/debug@4.3.4
      doctrine: artifactory.corp.ebay.com/doctrine@3.0.0
      escape-string-regexp: artifactory.corp.ebay.com/escape-string-regexp@4.0.0
      eslint-scope: artifactory.corp.ebay.com/eslint-scope@7.2.2
      eslint-utils: artifactory.corp.ebay.com/eslint-utils@3.0.0(eslint@8.20.0)
      eslint-visitor-keys: artifactory.corp.ebay.com/eslint-visitor-keys@3.4.3
      espree: artifactory.corp.ebay.com/espree@9.6.1
      esquery: artifactory.corp.ebay.com/esquery@1.5.0
      esutils: artifactory.corp.ebay.com/esutils@2.0.3
      fast-deep-equal: artifactory.corp.ebay.com/fast-deep-equal@3.1.3
      file-entry-cache: artifactory.corp.ebay.com/file-entry-cache@6.0.1
      functional-red-black-tree: artifactory.corp.ebay.com/functional-red-black-tree@1.0.1
      glob-parent: artifactory.corp.ebay.com/glob-parent@6.0.2
      globals: artifactory.corp.ebay.com/globals@13.23.0
      ignore: artifactory.corp.ebay.com/ignore@5.3.0
      import-fresh: artifactory.corp.ebay.com/import-fresh@3.3.0
      imurmurhash: artifactory.corp.ebay.com/imurmurhash@0.1.4
      is-glob: artifactory.corp.ebay.com/is-glob@4.0.3
      js-yaml: artifactory.corp.ebay.com/js-yaml@4.1.0
      json-stable-stringify-without-jsonify: artifactory.corp.ebay.com/json-stable-stringify-without-jsonify@1.0.1
      levn: artifactory.corp.ebay.com/levn@0.4.1
      lodash.merge: artifactory.corp.ebay.com/lodash.merge@4.6.2
      minimatch: artifactory.corp.ebay.com/minimatch@3.1.2
      natural-compare: artifactory.corp.ebay.com/natural-compare@1.4.0
      optionator: artifactory.corp.ebay.com/optionator@0.9.3
      regexpp: artifactory.corp.ebay.com/regexpp@3.2.0
      strip-ansi: artifactory.corp.ebay.com/strip-ansi@6.0.1
      strip-json-comments: artifactory.corp.ebay.com/strip-json-comments@3.1.1
      text-table: artifactory.corp.ebay.com/text-table@0.2.0
      v8-compile-cache: artifactory.corp.ebay.com/v8-compile-cache@2.4.0
    transitivePeerDependencies:
      - supports-color
    dev: true

  artifactory.corp.ebay.com/espree@9.6.1:
    resolution: {integrity: sha512-oruZaFkjorTpF32kDSI5/75ViwGeZginGGy2NoOSg3Q9bnwlnmDm4HLnkl0RE3n+njDXR037aY1+x58Z/zFdwQ==, registry: https://npm.corp.ebay.com/, tarball: https://artifactory.corp.ebay.com/artifactory/api/npm/npm-corp/espree/-/espree-9.6.1.tgz}
    name: espree
    version: 9.6.1
    engines: {node: ^12.22.0 || ^14.17.0 || >=16.0.0}
    dependencies:
      acorn: artifactory.corp.ebay.com/acorn@8.11.2
      acorn-jsx: artifactory.corp.ebay.com/acorn-jsx@5.3.2(acorn@8.11.2)
      eslint-visitor-keys: artifactory.corp.ebay.com/eslint-visitor-keys@3.4.3
    dev: true

  artifactory.corp.ebay.com/esquery@1.5.0:
    resolution: {integrity: sha512-YQLXUplAwJgCydQ78IMJywZCceoqk1oH01OERdSAJc/7U2AylwjhSCLDEtqwg811idIS/9fIU5GjG73IgjKMVg==, registry: https://npm.corp.ebay.com/, tarball: https://artifactory.corp.ebay.com/artifactory/api/npm/npm-corp/esquery/-/esquery-1.5.0.tgz}
    name: esquery
    version: 1.5.0
    engines: {node: '>=0.10'}
    dependencies:
      estraverse: artifactory.corp.ebay.com/estraverse@5.3.0
    dev: true

  artifactory.corp.ebay.com/esrecurse@4.3.0:
    resolution: {integrity: sha512-KmfKL3b6G+RXvP8N1vr3Tq1kL/oCFgn2NYXEtqP8/L3pKapUA4G8cFVaoF3SU323CD4XypR/ffioHmkti6/Tag==, registry: https://npm.corp.ebay.com/, tarball: https://artifactory.corp.ebay.com/artifactory/api/npm/npm-corp/esrecurse/-/esrecurse-4.3.0.tgz}
    name: esrecurse
    version: 4.3.0
    engines: {node: '>=4.0'}
    dependencies:
      estraverse: artifactory.corp.ebay.com/estraverse@5.3.0
    dev: true

  artifactory.corp.ebay.com/estraverse@5.3.0:
    resolution: {integrity: sha512-MMdARuVEQziNTeJD8DgMqmhwR11BRQ/cBP+pLtYdSTnf3MIO8fFeiINEbX36ZdNlfU/7A9f3gUw49B3oQsvwBA==, registry: https://npm.corp.ebay.com/, tarball: https://artifactory.corp.ebay.com/artifactory/api/npm/npm-corp/estraverse/-/estraverse-5.3.0.tgz}
    name: estraverse
    version: 5.3.0
    engines: {node: '>=4.0'}
    dev: true

  artifactory.corp.ebay.com/esutils@2.0.3:
    resolution: {integrity: sha512-kVscqXk4OCp68SZ0dkgEKVi6/8ij300KBWTJq32P/dYeWTSwK41WyTxalN1eRmA5Z9UU/LX9D7FWSmV9SAYx6g==, registry: https://npm.corp.ebay.com/, tarball: https://artifactory.corp.ebay.com/artifactory/api/npm/npm-corp/esutils/-/esutils-2.0.3.tgz}
    name: esutils
    version: 2.0.3
    engines: {node: '>=0.10.0'}
    dev: true

  artifactory.corp.ebay.com/fast-deep-equal@3.1.3:
    resolution: {integrity: sha512-f3qQ9oQy9j2AhBe/H9VC91wLmKBCCU/gDOnKNAYG5hswO7BLKj09Hc5HYNz9cGI++xlpDCIgDaitVs03ATR84Q==, registry: https://npm.corp.ebay.com/, tarball: https://artifactory.corp.ebay.com/artifactory/api/npm/npm-corp/fast-deep-equal/-/fast-deep-equal-3.1.3.tgz}
    name: fast-deep-equal
    version: 3.1.3
    dev: true

  artifactory.corp.ebay.com/fast-json-stable-stringify@2.1.0:
    resolution: {integrity: sha512-lhd/wF+Lk98HZoTCtlVraHtfh5XYijIjalXck7saUtuanSDyLMxnHhSXEDJqHxD7msR8D0uCmqlkwjCV8xvwHw==, registry: https://npm.corp.ebay.com/, tarball: https://artifactory.corp.ebay.com/artifactory/api/npm/npm-corp/fast-json-stable-stringify/-/fast-json-stable-stringify-2.1.0.tgz}
    name: fast-json-stable-stringify
    version: 2.1.0
    dev: true

  artifactory.corp.ebay.com/fast-levenshtein@2.0.6:
    resolution: {integrity: sha512-DCXu6Ifhqcks7TZKY3Hxp3y6qphY5SJZmrWMDrKcERSOXWQdMhU9Ig/PYrzyw/ul9jOIyh0N4M0tbC5hodg8dw==, registry: https://npm.corp.ebay.com/, tarball: https://artifactory.corp.ebay.com/artifactory/api/npm/npm-corp/fast-levenshtein/-/fast-levenshtein-2.0.6.tgz}
    name: fast-levenshtein
    version: 2.0.6
    dev: true

  artifactory.corp.ebay.com/file-entry-cache@6.0.1:
    resolution: {integrity: sha512-7Gps/XWymbLk2QLYK4NzpMOrYjMhdIxXuIvy2QBsLE6ljuodKvdkWs/cpyJJ3CVIVpH0Oi1Hvg1ovbMzLdFBBg==, registry: https://npm.corp.ebay.com/, tarball: https://artifactory.corp.ebay.com/artifactory/api/npm/npm-corp/file-entry-cache/-/file-entry-cache-6.0.1.tgz}
    name: file-entry-cache
    version: 6.0.1
    engines: {node: ^10.12.0 || >=12.0.0}
    dependencies:
      flat-cache: artifactory.corp.ebay.com/flat-cache@3.2.0
    dev: true

  artifactory.corp.ebay.com/flat-cache@3.2.0:
    resolution: {integrity: sha512-CYcENa+FtcUKLmhhqyctpclsq7QF38pKjZHsGNiSQF5r4FtoKDWabFDl3hzaEQMvT1LHEysw5twgLvpYYb4vbw==, registry: https://npm.corp.ebay.com/, tarball: https://artifactory.corp.ebay.com/artifactory/api/npm/npm-corp/flat-cache/-/flat-cache-3.2.0.tgz}
    name: flat-cache
    version: 3.2.0
    engines: {node: ^10.12.0 || >=12.0.0}
    dependencies:
      flatted: artifactory.corp.ebay.com/flatted@3.2.9
      keyv: artifactory.corp.ebay.com/keyv@4.5.4
      rimraf: artifactory.corp.ebay.com/rimraf@3.0.2
    dev: true

  artifactory.corp.ebay.com/flatted@3.2.9:
    resolution: {integrity: sha512-36yxDn5H7OFZQla0/jFJmbIKTdZAQHngCedGxiMmpNfEZM0sdEeT+WczLQrjK6D7o2aiyLYDnkw0R3JK0Qv1RQ==, registry: https://npm.corp.ebay.com/, tarball: https://artifactory.corp.ebay.com/artifactory/api/npm/npm-corp/flatted/-/flatted-3.2.9.tgz}
    name: flatted
    version: 3.2.9
    dev: true

  artifactory.corp.ebay.com/fs.realpath@1.0.0:
    resolution: {integrity: sha512-OO0pH2lK6a0hZnAdau5ItzHPI6pUlvI7jMVnxUQRtw4owF2wk8lOSabtGDCTP4Ggrg2MbGnWO9X8K1t4+fGMDw==, registry: https://npm.corp.ebay.com/, tarball: https://artifactory.corp.ebay.com/artifactory/api/npm/npm-corp/fs.realpath/-/fs.realpath-1.0.0.tgz}
    name: fs.realpath
    version: 1.0.0
    dev: true

  artifactory.corp.ebay.com/functional-red-black-tree@1.0.1:
    resolution: {integrity: sha512-dsKNQNdj6xA3T+QlADDA7mOSlX0qiMINjn0cgr+eGHGsbSHzTabcIogz2+p/iqP1Xs6EP/sS2SbqH+brGTbq0g==, registry: https://npm.corp.ebay.com/, tarball: https://artifactory.corp.ebay.com/artifactory/api/npm/npm-corp/functional-red-black-tree/-/functional-red-black-tree-1.0.1.tgz}
    name: functional-red-black-tree
    version: 1.0.1
    dev: true

  artifactory.corp.ebay.com/glob-parent@6.0.2:
    resolution: {integrity: sha512-XxwI8EOhVQgWp6iDL+3b0r86f4d6AX6zSU55HfB4ydCEuXLXc5FcYeOu+nnGftS4TEju/11rt4KJPTMgbfmv4A==, registry: https://npm.corp.ebay.com/, tarball: https://artifactory.corp.ebay.com/artifactory/api/npm/npm-corp/glob-parent/-/glob-parent-6.0.2.tgz}
    name: glob-parent
    version: 6.0.2
    engines: {node: '>=10.13.0'}
    dependencies:
      is-glob: artifactory.corp.ebay.com/is-glob@4.0.3
    dev: true

  artifactory.corp.ebay.com/glob@7.2.3:
    resolution: {integrity: sha512-nFR0zLpU2YCaRxwoCJvL6UvCH2JFyFVIvwTLsIf21AuHlMskA1hhTdk+LlYJtOlYt9v6dvszD2BGRqBL+iQK9Q==, registry: https://npm.corp.ebay.com/, tarball: https://artifactory.corp.ebay.com/artifactory/api/npm/npm-corp/glob/-/glob-7.2.3.tgz}
    name: glob
    version: 7.2.3
    dependencies:
      fs.realpath: artifactory.corp.ebay.com/fs.realpath@1.0.0
      inflight: artifactory.corp.ebay.com/inflight@1.0.6
      inherits: artifactory.corp.ebay.com/inherits@2.0.4
      minimatch: artifactory.corp.ebay.com/minimatch@3.1.2
      once: artifactory.corp.ebay.com/once@1.4.0
      path-is-absolute: artifactory.corp.ebay.com/path-is-absolute@1.0.1
    dev: true

  artifactory.corp.ebay.com/globals@13.23.0:
    resolution: {integrity: sha512-XAmF0RjlrjY23MA51q3HltdlGxUpXPvg0GioKiD9X6HD28iMjo2dKC8Vqwm7lne4GNr78+RHTfliktR6ZH09wA==, registry: https://npm.corp.ebay.com/, tarball: https://artifactory.corp.ebay.com/artifactory/api/npm/npm-corp/globals/-/globals-13.23.0.tgz}
    name: globals
    version: 13.23.0
    engines: {node: '>=8'}
    dependencies:
      type-fest: artifactory.corp.ebay.com/type-fest@0.20.2
    dev: true

  artifactory.corp.ebay.com/has-flag@4.0.0:
    resolution: {integrity: sha512-EykJT/Q1KjTWctppgIAgfSO0tKVuZUjhgMr17kqTumMl6Afv3EISleU7qZUzoXDFTAHTDC4NOoG/ZxU3EvlMPQ==, registry: https://npm.corp.ebay.com/, tarball: https://artifactory.corp.ebay.com/artifactory/api/npm/npm-corp/has-flag/-/has-flag-4.0.0.tgz}
    name: has-flag
    version: 4.0.0
    engines: {node: '>=8'}
    dev: true

  artifactory.corp.ebay.com/ignore@5.3.0:
    resolution: {integrity: sha512-g7dmpshy+gD7mh88OC9NwSGTKoc3kyLAZQRU1mt53Aw/vnvfXnbC+F/7F7QoYVKbV+KNvJx8wArewKy1vXMtlg==, registry: https://npm.corp.ebay.com/, tarball: https://artifactory.corp.ebay.com/artifactory/api/npm/npm-corp/ignore/-/ignore-5.3.0.tgz}
    name: ignore
    version: 5.3.0
    engines: {node: '>= 4'}
    dev: true

  artifactory.corp.ebay.com/import-fresh@3.3.0:
    resolution: {integrity: sha512-veYYhQa+D1QBKznvhUHxb8faxlrwUnxseDAbAp457E0wLNio2bOSKnjYDhMj+YiAq61xrMGhQk9iXVk5FzgQMw==, registry: https://npm.corp.ebay.com/, tarball: https://artifactory.corp.ebay.com/artifactory/api/npm/npm-corp/import-fresh/-/import-fresh-3.3.0.tgz}
    name: import-fresh
    version: 3.3.0
    engines: {node: '>=6'}
    dependencies:
      parent-module: artifactory.corp.ebay.com/parent-module@1.0.1
      resolve-from: artifactory.corp.ebay.com/resolve-from@4.0.0
    dev: true

  artifactory.corp.ebay.com/imurmurhash@0.1.4:
    resolution: {integrity: sha512-JmXMZ6wuvDmLiHEml9ykzqO6lwFbof0GG4IkcGaENdCRDDmMVnny7s5HsIgHCbaq0w2MyPhDqkhTUgS2LU2PHA==, registry: https://npm.corp.ebay.com/, tarball: https://artifactory.corp.ebay.com/artifactory/api/npm/npm-corp/imurmurhash/-/imurmurhash-0.1.4.tgz}
    name: imurmurhash
    version: 0.1.4
    engines: {node: '>=0.8.19'}
    dev: true

  artifactory.corp.ebay.com/inflight@1.0.6:
    resolution: {integrity: sha512-k92I/b08q4wvFscXCLvqfsHCrjrF7yiXsQuIVvVE7N82W3+aqpzuUdBbfhWcy/FZR3/4IgflMgKLOsvPDrGCJA==, registry: https://npm.corp.ebay.com/, tarball: https://artifactory.corp.ebay.com/artifactory/api/npm/npm-corp/inflight/-/inflight-1.0.6.tgz}
    name: inflight
    version: 1.0.6
    dependencies:
      once: artifactory.corp.ebay.com/once@1.4.0
      wrappy: artifactory.corp.ebay.com/wrappy@1.0.2
    dev: true

  artifactory.corp.ebay.com/inherits@2.0.4:
    resolution: {integrity: sha512-k/vGaX4/Yla3WzyMCvTQOXYeIHvqOKtnqBduzTHpzpQZzAskKMhZ2K+EnBiSM9zGSoIFeMpXKxa4dYeZIQqewQ==, registry: https://npm.corp.ebay.com/, tarball: https://artifactory.corp.ebay.com/artifactory/api/npm/npm-corp/inherits/-/inherits-2.0.4.tgz}
    name: inherits
    version: 2.0.4
    dev: true

  artifactory.corp.ebay.com/is-buffer@2.0.5:
    resolution: {integrity: sha512-i2R6zNFDwgEHJyQUtJEk0XFi1i0dPFn/oqjK3/vPCcDeJvW5NQ83V8QbicfF1SupOaB0h8ntgBC2YiE7dfyctQ==, registry: https://npm.corp.ebay.com/, tarball: https://artifactory.corp.ebay.com/artifactory/api/npm/npm-corp/is-buffer/-/is-buffer-2.0.5.tgz}
    name: is-buffer
    version: 2.0.5
    engines: {node: '>=4'}
    dev: true

  artifactory.corp.ebay.com/is-extglob@2.1.1:
    resolution: {integrity: sha512-SbKbANkN603Vi4jEZv49LeVJMn4yGwsbzZworEoyEiutsN3nJYdbO36zfhGJ6QEDpOZIFkDtnq5JRxmvl3jsoQ==, registry: https://npm.corp.ebay.com/, tarball: https://artifactory.corp.ebay.com/artifactory/api/npm/npm-corp/is-extglob/-/is-extglob-2.1.1.tgz}
    name: is-extglob
    version: 2.1.1
    engines: {node: '>=0.10.0'}
    dev: true

  artifactory.corp.ebay.com/is-glob@4.0.3:
    resolution: {integrity: sha512-xelSayHH36ZgE7ZWhli7pW34hNbNl8Ojv5KVmkJD4hBdD3th8Tfk9vYasLM+mXWOZhFkgZfxhLSnrwRr4elSSg==, registry: https://npm.corp.ebay.com/, tarball: https://artifactory.corp.ebay.com/artifactory/api/npm/npm-corp/is-glob/-/is-glob-4.0.3.tgz}
    name: is-glob
    version: 4.0.3
    engines: {node: '>=0.10.0'}
    dependencies:
      is-extglob: artifactory.corp.ebay.com/is-extglob@2.1.1
    dev: true

  artifactory.corp.ebay.com/isexe@2.0.0:
    resolution: {integrity: sha512-RHxMLp9lnKHGHRng9QFhRCMbYAcVpn69smSGcq3f36xjgVVWThj4qqLbTLlq7Ssj8B+fIQ1EuCEGI2lKsyQeIw==, registry: https://npm.corp.ebay.com/, tarball: https://artifactory.corp.ebay.com/artifactory/api/npm/npm-corp/isexe/-/isexe-2.0.0.tgz}
    name: isexe
    version: 2.0.0
    dev: true

  artifactory.corp.ebay.com/js-yaml@4.1.0:
    resolution: {integrity: sha512-wpxZs9NoxZaJESJGIZTyDEaYpl0FKSA+FB9aJiyemKhMwkxQg63h4T1KJgUGHpTqPDNRcmmYLugrRjJlBtWvRA==, registry: https://npm.corp.ebay.com/, tarball: https://artifactory.corp.ebay.com/artifactory/api/npm/npm-corp/js-yaml/-/js-yaml-4.1.0.tgz}
    name: js-yaml
    version: 4.1.0
    hasBin: true
    dependencies:
      argparse: artifactory.corp.ebay.com/argparse@2.0.1
    dev: true

  artifactory.corp.ebay.com/json-schema-traverse@0.4.1:
    resolution: {integrity: sha512-xbbCH5dCYU5T8LcEhhuh7HJ88HXuW3qsI3Y0zOZFKfZEHcpWiHU/Jxzk629Brsab/mMiHQti9wMP+845RPe3Vg==, registry: https://npm.corp.ebay.com/, tarball: https://artifactory.corp.ebay.com/artifactory/api/npm/npm-corp/json-schema-traverse/-/json-schema-traverse-0.4.1.tgz}
    name: json-schema-traverse
    version: 0.4.1
    dev: true

  artifactory.corp.ebay.com/json-stable-stringify-without-jsonify@1.0.1:
    resolution: {integrity: sha512-Bdboy+l7tA3OGW6FjyFHWkP5LuByj1Tk33Ljyq0axyzdk9//JSi2u3fP1QSmd1KNwq6VOKYGlAu87CisVir6Pw==, registry: https://npm.corp.ebay.com/, tarball: https://artifactory.corp.ebay.com/artifactory/api/npm/npm-corp/json-stable-stringify-without-jsonify/-/json-stable-stringify-without-jsonify-1.0.1.tgz}
    name: json-stable-stringify-without-jsonify
    version: 1.0.1
    dev: true

  artifactory.corp.ebay.com/keyv@4.5.4:
    resolution: {integrity: sha512-oxVHkHR/EJf2CNXnWxRLW6mg7JyCCUcG0DtEGmL2ctUo1PNTin1PUil+r/+4r5MpVgC/fn1kjsx7mjSujKqIpw==, registry: https://npm.corp.ebay.com/, tarball: https://artifactory.corp.ebay.com/artifactory/api/npm/npm-corp/keyv/-/keyv-4.5.4.tgz}
    name: keyv
    version: 4.5.4
    dependencies:
      json-buffer: 3.0.1
    dev: true

  artifactory.corp.ebay.com/levn@0.4.1:
    resolution: {integrity: sha512-+bT2uH4E5LGE7h/n3evcS/sQlJXCpIp6ym8OWJ5eV6+67Dsql/LaaT7qJBAt2rzfoa/5QBGBhxDix1dMt2kQKQ==, registry: https://npm.corp.ebay.com/, tarball: https://artifactory.corp.ebay.com/artifactory/api/npm/npm-corp/levn/-/levn-0.4.1.tgz}
    name: levn
    version: 0.4.1
    engines: {node: '>= 0.8.0'}
    dependencies:
      prelude-ls: artifactory.corp.ebay.com/prelude-ls@1.2.1
      type-check: artifactory.corp.ebay.com/type-check@0.4.0
    dev: true

  artifactory.corp.ebay.com/lodash.merge@4.6.2:
    resolution: {integrity: sha512-0KpjqXRVvrYyCsX1swR/XTK0va6VQkQM6MNo7PqW77ByjAhoARA8EfrP1N4+KlKj8YS0ZUCtRT/YUuhyYDujIQ==, registry: https://npm.corp.ebay.com/, tarball: https://artifactory.corp.ebay.com/artifactory/api/npm/npm-corp/lodash.merge/-/lodash.merge-4.6.2.tgz}
    name: lodash.merge
    version: 4.6.2
    dev: true

  artifactory.corp.ebay.com/minimatch@3.1.2:
    resolution: {integrity: sha512-J7p63hRiAjw1NDEww1W7i37+ByIrOWO5XQQAzZ3VOcL0PNybwpfmV/N05zFAzwQ9USyEcX6t3UO+K5aqBQOIHw==, registry: https://npm.corp.ebay.com/, tarball: https://artifactory.corp.ebay.com/artifactory/api/npm/npm-corp/minimatch/-/minimatch-3.1.2.tgz}
    name: minimatch
    version: 3.1.2
    dependencies:
      brace-expansion: artifactory.corp.ebay.com/brace-expansion@1.1.11
    dev: true

  artifactory.corp.ebay.com/ms@2.1.2:
    resolution: {integrity: sha512-sGkPx+VjMtmA6MX27oA4FBFELFCZZ4S4XqeGOXCv68tT+jb3vk/RyaKWP0PTKyWtmLSM0b+adUTEvbs1PEaH2w==, registry: https://npm.corp.ebay.com/, tarball: https://artifactory.corp.ebay.com/artifactory/api/npm/npm-corp/ms/-/ms-2.1.2.tgz}
    name: ms
    version: 2.1.2
    dev: true

  artifactory.corp.ebay.com/natural-compare@1.4.0:
    resolution: {integrity: sha512-OWND8ei3VtNC9h7V60qff3SVobHr996CTwgxubgyQYEpg290h9J0buyECNNJexkFm5sOajh5G116RYA1c8ZMSw==, registry: https://npm.corp.ebay.com/, tarball: https://artifactory.corp.ebay.com/artifactory/api/npm/npm-corp/natural-compare/-/natural-compare-1.4.0.tgz}
    name: natural-compare
    version: 1.4.0
    dev: true

  artifactory.corp.ebay.com/once@1.4.0:
    resolution: {integrity: sha512-lNaJgI+2Q5URQBkccEKHTQOPaXdUxnZZElQTZY0MFUAuaEqe1E+Nyvgdz/aIyNi6Z9MzO5dv1H8n58/GELp3+w==, registry: https://npm.corp.ebay.com/, tarball: https://artifactory.corp.ebay.com/artifactory/api/npm/npm-corp/once/-/once-1.4.0.tgz}
    name: once
    version: 1.4.0
    dependencies:
      wrappy: artifactory.corp.ebay.com/wrappy@1.0.2
    dev: true

  artifactory.corp.ebay.com/optionator@0.9.3:
    resolution: {integrity: sha512-JjCoypp+jKn1ttEFExxhetCKeJt9zhAgAve5FXHixTvFDW/5aEktX9bufBKLRRMdU7bNtpLfcGu94B3cdEJgjg==, registry: https://npm.corp.ebay.com/, tarball: https://artifactory.corp.ebay.com/artifactory/api/npm/npm-corp/optionator/-/optionator-0.9.3.tgz}
    name: optionator
    version: 0.9.3
    engines: {node: '>= 0.8.0'}
    dependencies:
      '@aashutoshrathi/word-wrap': artifactory.corp.ebay.com/@aashutoshrathi/word-wrap@1.2.6
      deep-is: artifactory.corp.ebay.com/deep-is@0.1.4
      fast-levenshtein: artifactory.corp.ebay.com/fast-levenshtein@2.0.6
      levn: artifactory.corp.ebay.com/levn@0.4.1
      prelude-ls: artifactory.corp.ebay.com/prelude-ls@1.2.1
      type-check: artifactory.corp.ebay.com/type-check@0.4.0
    dev: true

  artifactory.corp.ebay.com/parent-module@1.0.1:
    resolution: {integrity: sha512-GQ2EWRpQV8/o+Aw8YqtfZZPfNRWZYkbidE9k5rpl/hC3vtHHBfGm2Ifi6qWV+coDGkrUKZAxE3Lot5kcsRlh+g==, registry: https://npm.corp.ebay.com/, tarball: https://artifactory.corp.ebay.com/artifactory/api/npm/npm-corp/parent-module/-/parent-module-1.0.1.tgz}
    name: parent-module
    version: 1.0.1
    engines: {node: '>=6'}
    dependencies:
      callsites: artifactory.corp.ebay.com/callsites@3.1.0
    dev: true

  artifactory.corp.ebay.com/path-is-absolute@1.0.1:
    resolution: {integrity: sha512-AVbw3UJ2e9bq64vSaS9Am0fje1Pa8pbGqTTsmXfaIiMpnr5DlDhfJOuLj9Sf95ZPVDAUerDfEk88MPmPe7UCQg==, registry: https://npm.corp.ebay.com/, tarball: https://artifactory.corp.ebay.com/artifactory/api/npm/npm-corp/path-is-absolute/-/path-is-absolute-1.0.1.tgz}
    name: path-is-absolute
    version: 1.0.1
    engines: {node: '>=0.10.0'}
    dev: true

  artifactory.corp.ebay.com/path-key@3.1.1:
    resolution: {integrity: sha512-ojmeN0qd+y0jszEtoY48r0Peq5dwMEkIlCOu6Q5f41lfkswXuKtYrhgoTpLnyIcHm24Uhqx+5Tqm2InSwLhE6Q==, registry: https://npm.corp.ebay.com/, tarball: https://artifactory.corp.ebay.com/artifactory/api/npm/npm-corp/path-key/-/path-key-3.1.1.tgz}
    name: path-key
    version: 3.1.1
    engines: {node: '>=8'}
    dev: true

  artifactory.corp.ebay.com/prelude-ls@1.2.1:
    resolution: {integrity: sha512-vkcDPrRZo1QZLbn5RLGPpg/WmIQ65qoWWhcGKf/b5eplkkarX0m9z8ppCat4mlOqUsWpyNuYgO3VRyrYHSzX5g==, registry: https://npm.corp.ebay.com/, tarball: https://artifactory.corp.ebay.com/artifactory/api/npm/npm-corp/prelude-ls/-/prelude-ls-1.2.1.tgz}
    name: prelude-ls
    version: 1.2.1
    engines: {node: '>= 0.8.0'}
    dev: true

  artifactory.corp.ebay.com/punycode@2.3.1:
    resolution: {integrity: sha512-vYt7UD1U9Wg6138shLtLOvdAu+8DsC/ilFtEVHcH+wydcSpNE20AfSOduf6MkRFahL5FY7X1oU7nKVZFtfq8Fg==, registry: https://npm.corp.ebay.com/, tarball: https://artifactory.corp.ebay.com/artifactory/api/npm/npm-corp/punycode/-/punycode-2.3.1.tgz}
    name: punycode
    version: 2.3.1
    engines: {node: '>=6'}
    dev: true

  artifactory.corp.ebay.com/regexpp@3.2.0:
    resolution: {integrity: sha512-pq2bWo9mVD43nbts2wGv17XLiNLya+GklZ8kaDLV2Z08gDCsGpnKn9BFMepvWuHCbyVvY7J5o5+BVvoQbmlJLg==, registry: https://npm.corp.ebay.com/, tarball: https://artifactory.corp.ebay.com/artifactory/api/npm/npm-corp/regexpp/-/regexpp-3.2.0.tgz}
    name: regexpp
    version: 3.2.0
    engines: {node: '>=8'}
    dev: true

  artifactory.corp.ebay.com/resolve-from@4.0.0:
    resolution: {integrity: sha512-pb/MYmXstAkysRFx8piNI1tGFNQIFA3vkE3Gq4EuA1dF6gHp/+vgZqsCGJapvy8N3Q+4o7FwvquPJcnZ7RYy4g==, registry: https://npm.corp.ebay.com/, tarball: https://artifactory.corp.ebay.com/artifactory/api/npm/npm-corp/resolve-from/-/resolve-from-4.0.0.tgz}
    name: resolve-from
    version: 4.0.0
    engines: {node: '>=4'}
    dev: true

  artifactory.corp.ebay.com/rimraf@3.0.2:
    resolution: {integrity: sha512-JZkJMZkAGFFPP2YqXZXPbMlMBgsxzE8ILs4lMIX/2o0L9UBw9O/Y3o6wFw/i9YLapcUJWwqbi3kdxIPdC62TIA==, registry: https://npm.corp.ebay.com/, tarball: https://artifactory.corp.ebay.com/artifactory/api/npm/npm-corp/rimraf/-/rimraf-3.0.2.tgz}
    name: rimraf
    version: 3.0.2
    hasBin: true
    dependencies:
      glob: artifactory.corp.ebay.com/glob@7.2.3
    dev: true

  artifactory.corp.ebay.com/shebang-command@2.0.0:
    resolution: {integrity: sha512-kHxr2zZpYtdmrN1qDjrrX/Z1rR1kG8Dx+gkpK1G4eXmvXswmcE1hTWBWYUzlraYw1/yZp6YuDY77YtvbN0dmDA==, registry: https://npm.corp.ebay.com/, tarball: https://artifactory.corp.ebay.com/artifactory/api/npm/npm-corp/shebang-command/-/shebang-command-2.0.0.tgz}
    name: shebang-command
    version: 2.0.0
    engines: {node: '>=8'}
    dependencies:
      shebang-regex: artifactory.corp.ebay.com/shebang-regex@3.0.0
    dev: true

  artifactory.corp.ebay.com/shebang-regex@3.0.0:
    resolution: {integrity: sha512-7++dFhtcx3353uBaq8DDR4NuxBetBzC7ZQOhmTQInHEd6bSrXdiEyzCvG07Z44UYdLShWUyXt5M/yhz8ekcb1A==, registry: https://npm.corp.ebay.com/, tarball: https://artifactory.corp.ebay.com/artifactory/api/npm/npm-corp/shebang-regex/-/shebang-regex-3.0.0.tgz}
    name: shebang-regex
    version: 3.0.0
    engines: {node: '>=8'}
    dev: true

  artifactory.corp.ebay.com/strip-ansi@6.0.1:
    resolution: {integrity: sha512-Y38VPSHcqkFrCpFnQ9vuSXmquuv5oXOKpGeT6aGrr3o3Gc9AlVa6JBfUSOCnbxGGZF+/0ooI7KrPuUSztUdU5A==, registry: https://npm.corp.ebay.com/, tarball: https://artifactory.corp.ebay.com/artifactory/api/npm/npm-corp/strip-ansi/-/strip-ansi-6.0.1.tgz}
    name: strip-ansi
    version: 6.0.1
    engines: {node: '>=8'}
    dependencies:
      ansi-regex: artifactory.corp.ebay.com/ansi-regex@5.0.1
    dev: true

  artifactory.corp.ebay.com/strip-json-comments@3.1.1:
    resolution: {integrity: sha512-6fPc+R4ihwqP6N/aIv2f1gMH8lOVtWQHoqC4yK6oSDVVocumAsfCqjkXnqiYMhmMwS/mEHLp7Vehlt3ql6lEig==, registry: https://npm.corp.ebay.com/, tarball: https://artifactory.corp.ebay.com/artifactory/api/npm/npm-corp/strip-json-comments/-/strip-json-comments-3.1.1.tgz}
    name: strip-json-comments
    version: 3.1.1
    engines: {node: '>=8'}
    dev: true

  artifactory.corp.ebay.com/supports-color@7.2.0:
    resolution: {integrity: sha512-qpCAvRl9stuOHveKsn7HncJRvv501qIacKzQlO/+Lwxc9+0q2wLyv4Dfvt80/DPn2pqOBsJdDiogXGR9+OvwRw==, registry: https://npm.corp.ebay.com/, tarball: https://artifactory.corp.ebay.com/artifactory/api/npm/npm-corp/supports-color/-/supports-color-7.2.0.tgz}
    name: supports-color
    version: 7.2.0
    engines: {node: '>=8'}
    dependencies:
      has-flag: artifactory.corp.ebay.com/has-flag@4.0.0
    dev: true

  artifactory.corp.ebay.com/text-table@0.2.0:
    resolution: {integrity: sha512-N+8UisAXDGk8PFXP4HAzVR9nbfmVJ3zYLAWiTIoqC5v5isinhr+r5uaO8+7r3BMfuNIufIsA7RdpVgacC2cSpw==, registry: https://npm.corp.ebay.com/, tarball: https://artifactory.corp.ebay.com/artifactory/api/npm/npm-corp/text-table/-/text-table-0.2.0.tgz}
    name: text-table
    version: 0.2.0
    dev: true

  artifactory.corp.ebay.com/type-check@0.4.0:
    resolution: {integrity: sha512-XleUoc9uwGXqjWwXaUTZAmzMcFZ5858QA2vvx1Ur5xIcixXIP+8LnFDgRplU30us6teqdlskFfu+ae4K79Ooew==, registry: https://npm.corp.ebay.com/, tarball: https://artifactory.corp.ebay.com/artifactory/api/npm/npm-corp/type-check/-/type-check-0.4.0.tgz}
    name: type-check
    version: 0.4.0
    engines: {node: '>= 0.8.0'}
    dependencies:
      prelude-ls: artifactory.corp.ebay.com/prelude-ls@1.2.1
    dev: true

  artifactory.corp.ebay.com/type-fest@0.20.2:
    resolution: {integrity: sha512-Ne+eE4r0/iWnpAxD852z3A+N0Bt5RN//NjJwRd2VFHEmrywxf5vsZlh4R6lixl6B+wz/8d+maTSAkN1FIkI3LQ==, registry: https://npm.corp.ebay.com/, tarball: https://artifactory.corp.ebay.com/artifactory/api/npm/npm-corp/type-fest/-/type-fest-0.20.2.tgz}
    name: type-fest
    version: 0.20.2
    engines: {node: '>=10'}
    dev: true

  artifactory.corp.ebay.com/uri-js@4.4.1:
    resolution: {integrity: sha512-7rKUyy33Q1yc98pQ1DAmLtwX109F7TIfWlW1Ydo8Wl1ii1SeHieeh0HHfPeL2fMXK6z0s8ecKs9frCuLJvndBg==, registry: https://npm.corp.ebay.com/, tarball: https://artifactory.corp.ebay.com/artifactory/api/npm/npm-corp/uri-js/-/uri-js-4.4.1.tgz}
    name: uri-js
    version: 4.4.1
    dependencies:
      punycode: artifactory.corp.ebay.com/punycode@2.3.1
    dev: true

  artifactory.corp.ebay.com/v8-compile-cache@2.4.0:
    resolution: {integrity: sha512-ocyWc3bAHBB/guyqJQVI5o4BZkPhznPYUG2ea80Gond/BgNWpap8TOmLSeeQG7bnh2KMISxskdADG59j7zruhw==, registry: https://npm.corp.ebay.com/, tarball: https://artifactory.corp.ebay.com/artifactory/api/npm/npm-corp/v8-compile-cache/-/v8-compile-cache-2.4.0.tgz}
    name: v8-compile-cache
    version: 2.4.0
    dev: true

  artifactory.corp.ebay.com/which@2.0.2:
    resolution: {integrity: sha512-BLI3Tl1TW3Pvl70l3yq3Y64i+awpwXqsGBYWkkqMtnbXgrMD+yj7rhW0kuEDxzJaYXGjEW5ogapKNMEKNMjibA==, registry: https://npm.corp.ebay.com/, tarball: https://artifactory.corp.ebay.com/artifactory/api/npm/npm-corp/which/-/which-2.0.2.tgz}
    name: which
    version: 2.0.2
    engines: {node: '>= 8'}
    hasBin: true
    dependencies:
      isexe: artifactory.corp.ebay.com/isexe@2.0.0
    dev: true

  artifactory.corp.ebay.com/wrappy@1.0.2:
    resolution: {integrity: sha512-l4Sp/DRseor9wL6EvV2+TuQn63dMkPjZ/sp9XkghTEbV9KlPS1xUsZ3u7/IQO4wxtcFB4bgpQPRcR3QCvezPcQ==, registry: https://npm.corp.ebay.com/, tarball: https://artifactory.corp.ebay.com/artifactory/api/npm/npm-corp/wrappy/-/wrappy-1.0.2.tgz}
    name: wrappy
    version: 1.0.2
    dev: true
