lockfileVersion: '6.0'

settings:
  autoInstallPeers: true
  excludeLinksFromLockfile: false

dependencies:
  '@ebay/muse-core':
    specifier: workspace:*
    version: link:../muse-core
  '@ebay/muse-modules':
    specifier: workspace:*
    version: link:../muse-modules
  fs-extra:
    specifier: ^10.1.0
    version: artifactory.corp.ebay.com/fs-extra@10.1.0
  lodash:
    specifier: ^4.17.21
    version: artifactory.corp.ebay.com/lodash@4.17.21

packages:

  artifactory.corp.ebay.com/fs-extra@10.1.0:
    resolution: {integrity: sha512-oRXApq54ETRj4eMiFzGnHWGy+zo5raudjuxN0b8H7s/RU2oW0Wvsx9O0ACRN/kRq9E8Vu/ReskGB5o3ji+FzHQ==, registry: https://npm.corp.ebay.com/, tarball: https://artifactory.corp.ebay.com/artifactory/api/npm/npm-corp/fs-extra/-/fs-extra-10.1.0.tgz}
    name: fs-extra
    version: 10.1.0
    engines: {node: '>=12'}
    dependencies:
      graceful-fs: artifactory.corp.ebay.com/graceful-fs@4.2.11
      jsonfile: artifactory.corp.ebay.com/jsonfile@6.1.0
      universalify: artifactory.corp.ebay.com/universalify@2.0.0
    dev: false

  artifactory.corp.ebay.com/graceful-fs@4.2.11:
    resolution: {integrity: sha512-RbJ5/jmFcNNCcDV5o9eTnBLJ/HszWV0P73bc+Ff4nS/rJj+YaS6IGyiOL0VoBYX+l1Wrl3k63h/KrH+nhJ0XvQ==, registry: https://npm.corp.ebay.com/, tarball: https://artifactory.corp.ebay.com/artifactory/api/npm/npm-corp/graceful-fs/-/graceful-fs-4.2.11.tgz}
    name: graceful-fs
    version: 4.2.11
    dev: false

  artifactory.corp.ebay.com/jsonfile@6.1.0:
    resolution: {integrity: sha512-5dgndWOriYSm5cnYaJNhalLNDKOqFwyDB/rr1E9ZsGciGvKPs8R2xYGCacuf3z6K1YKDz182fd+fY3cn3pMqXQ==, registry: https://npm.corp.ebay.com/, tarball: https://artifactory.corp.ebay.com/artifactory/api/npm/npm-corp/jsonfile/-/jsonfile-6.1.0.tgz}
    name: jsonfile
    version: 6.1.0
    dependencies:
      universalify: artifactory.corp.ebay.com/universalify@2.0.0
    optionalDependencies:
      graceful-fs: artifactory.corp.ebay.com/graceful-fs@4.2.11
    dev: false

  artifactory.corp.ebay.com/lodash@4.17.21:
    resolution: {integrity: sha512-v2kDEe57lecTulaDIuNTPy3Ry4gLGJ6Z1O3vE1krgXZNrsQ+LFTGHVxVjcXPs17LhbZVGedAJv8XZ1tvj5FvSg==, registry: https://npm.corp.ebay.com/, tarball: https://artifactory.corp.ebay.com/artifactory/api/npm/npm-corp/lodash/-/lodash-4.17.21.tgz}
    name: lodash
    version: 4.17.21
    dev: false

  artifactory.corp.ebay.com/universalify@2.0.0:
    resolution: {integrity: sha512-hAZsKq7Yy11Zu1DE0OzWjw7nnLZmJZYTDZZyEFHZdUhV8FkH5MCfoU1XMaxXovpyW5nq5scPqq0ZDP9Zyl04oQ==, registry: https://npm.corp.ebay.com/, tarball: https://artifactory.corp.ebay.com/artifactory/api/npm/npm-corp/universalify/-/universalify-2.0.0.tgz}
    name: universalify
    version: 2.0.0
    engines: {node: '>= 10.0.0'}
    dev: false
