lockfileVersion: '6.0'

devDependencies:
  '@changesets/cli':
    specifier: ^2.23.2
    version: 2.23.2

packages:

  /@babel/code-frame@7.18.6:
    resolution: {integrity: sha1-OyXTjIlgC6otzCGe36iKdOssQno=}
    engines: {node: '>=6.9.0'}
    dependencies:
      '@babel/highlight': 7.18.6
    dev: true

  /@babel/helper-validator-identifier@7.18.6:
    resolution: {integrity: sha1-nJfjDTGyuMcqHQiYTyyptXTXoHY=}
    engines: {node: '>=6.9.0'}
    dev: true

  /@babel/highlight@7.18.6:
    resolution: {integrity: sha1-gRWGAek+JWN5Wty/vfXWS+Py7N8=}
    engines: {node: '>=6.9.0'}
    dependencies:
      '@babel/helper-validator-identifier': 7.18.6
      chalk: 2.4.2
      js-tokens: 4.0.0
    dev: true

  /@babel/runtime@7.18.6:
    resolution: {integrity: sha1-ah71n4ON69ZwQh+Mfyy7jal1FYA=}
    engines: {node: '>=6.9.0'}
    dependencies:
      regenerator-runtime: 0.13.9
    dev: true

  /@changesets/apply-release-plan@6.0.1:
    resolution: {integrity: sha1-fXsT1NwfA+KHvFY+Ap7Qv5VTMqk=}
    dependencies:
      '@babel/runtime': 7.18.6
      '@changesets/config': 2.0.1
      '@changesets/get-version-range-type': 0.3.2
      '@changesets/git': 1.3.2
      '@changesets/types': 5.0.0
      '@manypkg/get-packages': 1.1.3
      detect-indent: 6.1.0
      fs-extra: 7.0.1
      lodash.startcase: 4.4.0
      outdent: 0.5.0
      prettier: 1.19.1
      resolve-from: 5.0.0
      semver: 5.7.1
    dev: true

  /@changesets/assemble-release-plan@5.1.3:
    resolution: {integrity: sha1-tBXF22TlowxTrtjBrcWrTEqq0oM=}
    dependencies:
      '@babel/runtime': 7.18.6
      '@changesets/errors': 0.1.4
      '@changesets/get-dependents-graph': 1.3.2
      '@changesets/types': 5.0.0
      '@manypkg/get-packages': 1.1.3
      semver: 5.7.1
    dev: true

  /@changesets/changelog-git@0.1.11:
    resolution: {integrity: sha1-gOtF01YquiFk8lzMMayXudzR3tM=}
    dependencies:
      '@changesets/types': 5.0.0
    dev: true

  /@changesets/cli@2.23.2:
    resolution: {integrity: sha1-8y09k4iBZyFBnP8gQBC2SoZMlQ4=}
    hasBin: true
    dependencies:
      '@babel/runtime': 7.18.6
      '@changesets/apply-release-plan': 6.0.1
      '@changesets/assemble-release-plan': 5.1.3
      '@changesets/changelog-git': 0.1.11
      '@changesets/config': 2.0.1
      '@changesets/errors': 0.1.4
      '@changesets/get-dependents-graph': 1.3.2
      '@changesets/get-release-plan': 3.0.10
      '@changesets/git': 1.3.2
      '@changesets/logger': 0.0.5
      '@changesets/pre': 1.0.11
      '@changesets/read': 0.5.5
      '@changesets/types': 5.0.0
      '@changesets/write': 0.1.8
      '@manypkg/get-packages': 1.1.3
      '@types/is-ci': 3.0.0
      '@types/semver': 6.2.3
      ansi-colors: 4.1.3
      chalk: 2.4.2
      enquirer: 2.3.6
      external-editor: 3.1.0
      fs-extra: 7.0.1
      human-id: 1.0.2
      is-ci: 3.0.1
      meow: 6.1.1
      outdent: 0.5.0
      p-limit: 2.3.0
      preferred-pm: 3.0.3
      resolve-from: 5.0.0
      semver: 5.7.1
      spawndamnit: 2.0.0
      term-size: 2.2.1
      tty-table: 4.1.6
    dev: true

  /@changesets/config@2.0.1:
    resolution: {integrity: sha1-nHHwEDL4sSI3oY7erCo55hQuilA=}
    dependencies:
      '@changesets/errors': 0.1.4
      '@changesets/get-dependents-graph': 1.3.2
      '@changesets/logger': 0.0.5
      '@changesets/types': 5.0.0
      '@manypkg/get-packages': 1.1.3
      fs-extra: 7.0.1
      micromatch: 4.0.5
    dev: true

  /@changesets/errors@0.1.4:
    resolution: {integrity: sha1-95hRdGxDZ5pms4P9/0wBL0gPSA0=}
    dependencies:
      extendable-error: 0.1.7
    dev: true

  /@changesets/get-dependents-graph@1.3.2:
    resolution: {integrity: sha1-8+x8519K+24+S2qH/eBl9VLIWZg=}
    dependencies:
      '@changesets/types': 5.0.0
      '@manypkg/get-packages': 1.1.3
      chalk: 2.4.2
      fs-extra: 7.0.1
      semver: 5.7.1
    dev: true

  /@changesets/get-release-plan@3.0.10:
    resolution: {integrity: sha1-utvqjBE8l2SG0u66pmEmp93X/ww=}
    dependencies:
      '@babel/runtime': 7.18.6
      '@changesets/assemble-release-plan': 5.1.3
      '@changesets/config': 2.0.1
      '@changesets/pre': 1.0.11
      '@changesets/read': 0.5.5
      '@changesets/types': 5.0.0
      '@manypkg/get-packages': 1.1.3
    dev: true

  /@changesets/get-version-range-type@0.3.2:
    resolution: {integrity: sha1-gTGpkDXt0RqnpEw0HLsF5mhhjGc=}
    dev: true

  /@changesets/git@1.3.2:
    resolution: {integrity: sha1-M2BR2abZZYBrG8RzVZqaLMcHc6Y=}
    dependencies:
      '@babel/runtime': 7.18.6
      '@changesets/errors': 0.1.4
      '@changesets/types': 5.0.0
      '@manypkg/get-packages': 1.1.3
      is-subdir: 1.2.0
      spawndamnit: 2.0.0
    dev: true

  /@changesets/logger@0.0.5:
    resolution: {integrity: sha1-aDBd1aZD4za+FqI2nLF83Y7TfUw=}
    dependencies:
      chalk: 2.4.2
    dev: true

  /@changesets/parse@0.3.13:
    resolution: {integrity: sha1-gniMH8GNpHULBzV6egYULQ2XWqE=}
    dependencies:
      '@changesets/types': 5.0.0
      js-yaml: 3.14.1
    dev: true

  /@changesets/pre@1.0.11:
    resolution: {integrity: sha1-RqVnkP3Oq9A0B1Wbv5E0DI6D+2o=}
    dependencies:
      '@babel/runtime': 7.18.6
      '@changesets/errors': 0.1.4
      '@changesets/types': 5.0.0
      '@manypkg/get-packages': 1.1.3
      fs-extra: 7.0.1
    dev: true

  /@changesets/read@0.5.5:
    resolution: {integrity: sha1-ntkO8+nxujQ2ulWAIBhUo/QWMFg=}
    dependencies:
      '@babel/runtime': 7.18.6
      '@changesets/git': 1.3.2
      '@changesets/logger': 0.0.5
      '@changesets/parse': 0.3.13
      '@changesets/types': 5.0.0
      chalk: 2.4.2
      fs-extra: 7.0.1
      p-filter: 2.1.0
    dev: true

  /@changesets/types@4.1.0:
    resolution: {integrity: sha1-+498ojJP1UlUgk6GT5phqCy3j+A=}
    dev: true

  /@changesets/types@5.0.0:
    resolution: {integrity: sha1-1etS0HS8A1jOR9VLylQ3C5B4EqA=}
    dev: true

  /@changesets/write@0.1.8:
    resolution: {integrity: sha1-/u1Aj2RMSWvFKvxN0TU2cLQVLss=}
    dependencies:
      '@babel/runtime': 7.18.6
      '@changesets/types': 5.0.0
      fs-extra: 7.0.1
      human-id: 1.0.2
      prettier: 1.19.1
    dev: true

  /@manypkg/find-root@1.1.0:
    resolution: {integrity: sha1-pi2O0c1+fUwR2dUqg5dGC11K0p8=}
    dependencies:
      '@babel/runtime': 7.18.6
      '@types/node': 12.20.55
      find-up: 4.1.0
      fs-extra: 8.1.0
    dev: true

  /@manypkg/get-packages@1.1.3:
    resolution: {integrity: sha1-4YTbm7p5L6RpPeRljPsUY6wsnEc=}
    dependencies:
      '@babel/runtime': 7.18.6
      '@changesets/types': 4.1.0
      '@manypkg/find-root': 1.1.0
      fs-extra: 8.1.0
      globby: 11.1.0
      read-yaml-file: 1.1.0
    dev: true

  /@nodelib/fs.scandir@2.1.5:
    resolution: {integrity: sha1-dhnC6yGyVIP20WdUi0z9WnSIw9U=}
    engines: {node: '>= 8'}
    dependencies:
      '@nodelib/fs.stat': 2.0.5
      run-parallel: 1.2.0
    dev: true

  /@nodelib/fs.stat@2.0.5:
    resolution: {integrity: sha1-W9Jir5Tp0lvR5xsF3u1Eh2oiLos=}
    engines: {node: '>= 8'}
    dev: true

  /@nodelib/fs.walk@1.2.8:
    resolution: {integrity: sha1-6Vc36LtnRt3t9pxVaVNJTxlv5po=}
    engines: {node: '>= 8'}
    dependencies:
      '@nodelib/fs.scandir': 2.1.5
      fastq: 1.13.0
    dev: true

  /@types/is-ci@3.0.0:
    resolution: {integrity: sha1-fokQr2hXYBMVWSQ28DCqo+2Xg8M=}
    dependencies:
      ci-info: 3.3.2
    dev: true

  /@types/minimist@1.2.2:
    resolution: {integrity: sha1-7nceK6Sz3Fs3KTXVSf2WF780W4w=}
    dev: true

  /@types/node@12.20.55:
    resolution: {integrity: sha1-wynL1DTEIWT4RrkJvW+FtVN/YkA=}
    dev: true

  /@types/normalize-package-data@2.4.1:
    resolution: {integrity: sha1-0zV0eaD9/dWQf+Z+F+CoXJBuEwE=}
    dev: true

  /@types/semver@6.2.3:
    resolution: {integrity: sha1-V5js8b7JTqpk2znuUoCOwGkzFao=}
    dev: true

  /ansi-colors@4.1.3:
    resolution: {integrity: sha1-N2ETQOsiQ+cMxgTK011jJw1IeBs=}
    engines: {node: '>=6'}
    dev: true

  /ansi-regex@5.0.1:
    resolution: {integrity: sha1-CCyyyJyf6GWaMRpTvWpNxTAdswQ=}
    engines: {node: '>=8'}
    dev: true

  /ansi-styles@3.2.1:
    resolution: {integrity: sha1-QfuyAkPlCxK+DwS43tvwdSDOhB0=}
    engines: {node: '>=4'}
    dependencies:
      color-convert: 1.9.3
    dev: true

  /ansi-styles@4.3.0:
    resolution: {integrity: sha1-7dgDYornHATIWuegkG7a00tkiTc=}
    engines: {node: '>=8'}
    dependencies:
      color-convert: 2.0.1
    dev: true

  /argparse@1.0.10:
    resolution: {integrity: sha1-vNZ5HqWuCXJeF+WtmIE0zUCz2RE=}
    dependencies:
      sprintf-js: 1.0.3
    dev: true

  /array-union@2.1.0:
    resolution: {integrity: sha1-t5hCCtvrHego2ErNii4j0+/oXo0=}
    engines: {node: '>=8'}
    dev: true

  /array.prototype.flat@1.3.0:
    resolution: {integrity: sha1-CwwVZ79Xs4tWtMl7iqcqtF5K3Hs=}
    engines: {node: '>= 0.4'}
    dependencies:
      call-bind: 1.0.2
      define-properties: 1.1.4
      es-abstract: 1.20.1
      es-shim-unscopables: 1.0.0
    dev: true

  /arrify@1.0.1:
    resolution: {integrity: sha1-iYUI2iIm84DfkEcoRWhJwVAaSw0=}
    engines: {node: '>=0.10.0'}
    dev: true

  /better-path-resolve@1.0.0:
    resolution: {integrity: sha1-E6NaEQTN1Ip7dL+HWPlqHuYT+Z0=}
    engines: {node: '>=4'}
    dependencies:
      is-windows: 1.0.2
    dev: true

  /braces@3.0.2:
    resolution: {integrity: sha1-NFThpGLujVmeI23zNs2epPiv4Qc=}
    engines: {node: '>=8'}
    dependencies:
      fill-range: 7.0.1
    dev: true

  /breakword@1.0.5:
    resolution: {integrity: sha1-/UIKQX9VAWc2tbYVFhyuHI+BmBA=}
    dependencies:
      wcwidth: 1.0.1
    dev: true

  /call-bind@1.0.2:
    resolution: {integrity: sha1-sdTonmiBGcPJqQOtMKuy9qkZvjw=}
    dependencies:
      function-bind: 1.1.1
      get-intrinsic: 1.1.2
    dev: true

  /camelcase-keys@6.2.2:
    resolution: {integrity: sha1-XnVda6UaoiPsfT1S8ld4IQ+dw8A=}
    engines: {node: '>=8'}
    dependencies:
      camelcase: 5.3.1
      map-obj: 4.3.0
      quick-lru: 4.0.1
    dev: true

  /camelcase@5.3.1:
    resolution: {integrity: sha1-48mzFWnhBoEd8kL3FXJaH0xJQyA=}
    engines: {node: '>=6'}
    dev: true

  /chalk@2.4.2:
    resolution: {integrity: sha1-zUJUFnelQzPPVBpJEIwUMrRMlCQ=}
    engines: {node: '>=4'}
    dependencies:
      ansi-styles: 3.2.1
      escape-string-regexp: 1.0.5
      supports-color: 5.5.0
    dev: true

  /chalk@4.1.2:
    resolution: {integrity: sha1-qsTit3NKdAhnrrFr8CqtVWoeegE=}
    engines: {node: '>=10'}
    dependencies:
      ansi-styles: 4.3.0
      supports-color: 7.2.0
    dev: true

  /chardet@0.7.0:
    resolution: {integrity: sha1-kAlISfCTfy7twkJdDSip5fDLrZ4=}
    dev: true

  /ci-info@3.3.2:
    resolution: {integrity: sha1-bSln/6QHRmSBxskLbhazCY8IASg=}
    dev: true

  /cliui@6.0.0:
    resolution: {integrity: sha1-UR1wLAxOQcoVbX0OlgIfI+EyJbE=}
    dependencies:
      string-width: 4.2.3
      strip-ansi: 6.0.1
      wrap-ansi: 6.2.0
    dev: true

  /cliui@7.0.4:
    resolution: {integrity: sha1-oCZe5lVHb8gHrqnfPfjfd4OAi08=}
    dependencies:
      string-width: 4.2.3
      strip-ansi: 6.0.1
      wrap-ansi: 7.0.0
    dev: true

  /clone@1.0.4:
    resolution: {integrity: sha1-2jCcwmPfFZlMaIypAheco8fNfH4=}
    engines: {node: '>=0.8'}
    dev: true

  /color-convert@1.9.3:
    resolution: {integrity: sha1-u3GFBpDh8TZWfeYp0tVHHe2kweg=}
    dependencies:
      color-name: 1.1.3
    dev: true

  /color-convert@2.0.1:
    resolution: {integrity: sha1-ctOmjVmMm9s68q0ehPIdiWq9TeM=}
    engines: {node: '>=7.0.0'}
    dependencies:
      color-name: 1.1.4
    dev: true

  /color-name@1.1.3:
    resolution: {integrity: sha1-p9BVi9icQveV3UIyj3QIMcpTvCU=}
    dev: true

  /color-name@1.1.4:
    resolution: {integrity: sha1-wqCah6y95pVD3m9j+jmVyCbFNqI=}
    dev: true

  /cross-spawn@5.1.0:
    resolution: {integrity: sha1-6L0O/uWPz/b4+UUQoKVUu/ojVEk=}
    dependencies:
      lru-cache: 4.1.5
      shebang-command: 1.2.0
      which: 1.3.1
    dev: true

  /csv-generate@3.4.3:
    resolution: {integrity: sha1-vELZQ7Ra6lKvqJaHQpHaS5EI//8=}
    dev: true

  /csv-parse@4.16.3:
    resolution: {integrity: sha1-fKYk1RchLrxSCjaHPDR4+mbvuvc=}
    dev: true

  /csv-stringify@5.6.5:
    resolution: {integrity: sha1-xtdLrdpLSaeb9Ocvkczh4zuU3gA=}
    dev: true

  /csv@5.5.3:
    resolution: {integrity: sha1-zSbB5F6uAM5qm3sn3LlJVeyVIH0=}
    engines: {node: '>= 0.1.90'}
    dependencies:
      csv-generate: 3.4.3
      csv-parse: 4.16.3
      csv-stringify: 5.6.5
      stream-transform: 2.1.3
    dev: true

  /decamelize-keys@1.1.0:
    resolution: {integrity: sha1-0XGoeTMlKAfrPLYdwcFEXQeN8tk=}
    engines: {node: '>=0.10.0'}
    dependencies:
      decamelize: 1.2.0
      map-obj: 1.0.1
    dev: true

  /decamelize@1.2.0:
    resolution: {integrity: sha1-9lNNFRSCabIDUue+4m9QH5oZEpA=}
    engines: {node: '>=0.10.0'}
    dev: true

  /defaults@1.0.3:
    resolution: {integrity: sha1-xlYFHpgX2f8I7YgUd/P+QBnz730=}
    dependencies:
      clone: 1.0.4
    dev: true

  /define-properties@1.1.4:
    resolution: {integrity: sha1-CxTXvX++svNXLDp+2oDqXVf7BbE=}
    engines: {node: '>= 0.4'}
    dependencies:
      has-property-descriptors: 1.0.0
      object-keys: 1.1.1
    dev: true

  /detect-indent@6.1.0:
    resolution: {integrity: sha1-WSSF67v2s7GrK+F1yDk9BMoNV+Y=}
    engines: {node: '>=8'}
    dev: true

  /dir-glob@3.0.1:
    resolution: {integrity: sha1-Vtv3PZkqSpO6FYT0U0Bj/S5BcX8=}
    engines: {node: '>=8'}
    dependencies:
      path-type: 4.0.0
    dev: true

  /emoji-regex@8.0.0:
    resolution: {integrity: sha1-6Bj9ac5cz8tARZT4QpY79TFkzDc=}
    dev: true

  /enquirer@2.3.6:
    resolution: {integrity: sha1-Kn/l3WNKHkElqXXsmU/1RW3Dc00=}
    engines: {node: '>=8.6'}
    dependencies:
      ansi-colors: 4.1.3
    dev: true

  /error-ex@1.3.2:
    resolution: {integrity: sha1-tKxAZIEH/c3PriQvQovqihTU8b8=}
    dependencies:
      is-arrayish: 0.2.1
    dev: true

  /es-abstract@1.20.1:
    resolution: {integrity: sha1-AnKSzW70S9ErGRO4KBFvVHh9GBQ=}
    engines: {node: '>= 0.4'}
    dependencies:
      call-bind: 1.0.2
      es-to-primitive: 1.2.1
      function-bind: 1.1.1
      function.prototype.name: 1.1.5
      get-intrinsic: 1.1.2
      get-symbol-description: 1.0.0
      has: 1.0.3
      has-property-descriptors: 1.0.0
      has-symbols: 1.0.3
      internal-slot: 1.0.3
      is-callable: 1.2.4
      is-negative-zero: 2.0.2
      is-regex: 1.1.4
      is-shared-array-buffer: 1.0.2
      is-string: 1.0.7
      is-weakref: 1.0.2
      object-inspect: 1.12.2
      object-keys: 1.1.1
      object.assign: 4.1.2
      regexp.prototype.flags: 1.4.3
      string.prototype.trimend: 1.0.5
      string.prototype.trimstart: 1.0.5
      unbox-primitive: 1.0.2
    dev: true

  /es-shim-unscopables@1.0.0:
    resolution: {integrity: sha1-cC5jIZMgHj7fhxNjXQg9N45RAkE=}
    dependencies:
      has: 1.0.3
    dev: true

  /es-to-primitive@1.2.1:
    resolution: {integrity: sha1-5VzUyc3BiLzvsDs2bHNjI/xciYo=}
    engines: {node: '>= 0.4'}
    dependencies:
      is-callable: 1.2.4
      is-date-object: 1.0.5
      is-symbol: 1.0.4
    dev: true

  /escalade@3.1.1:
    resolution: {integrity: sha1-2M/ccACWXFoBdLSoLqpcBVJ0LkA=}
    engines: {node: '>=6'}
    dev: true

  /escape-string-regexp@1.0.5:
    resolution: {integrity: sha1-G2HAViGQqN/2rjuyzwIAyhMLhtQ=}
    engines: {node: '>=0.8.0'}
    dev: true

  /esprima@4.0.1:
    resolution: {integrity: sha1-E7BM2z5sXRnfkatph6hpVhmwqnE=}
    engines: {node: '>=4'}
    hasBin: true
    dev: true

  /extendable-error@0.1.7:
    resolution: {integrity: sha1-YLmt8gYmSskgBYpzlWha5GcMK5Y=}
    dev: true

  /external-editor@3.1.0:
    resolution: {integrity: sha1-ywP3QL764D6k0oPK7SdBqD8zVJU=}
    engines: {node: '>=4'}
    dependencies:
      chardet: 0.7.0
      iconv-lite: 0.4.24
      tmp: 0.0.33
    dev: true

  /fast-glob@3.2.11:
    resolution: {integrity: sha1-oRcq2VzrihbiDKpcXlZIDlEpwdk=}
    engines: {node: '>=8.6.0'}
    dependencies:
      '@nodelib/fs.stat': 2.0.5
      '@nodelib/fs.walk': 1.2.8
      glob-parent: 5.1.2
      merge2: 1.4.1
      micromatch: 4.0.5
    dev: true

  /fastq@1.13.0:
    resolution: {integrity: sha1-YWdg+Ip1Jr38WWt8q4wYk4w2uYw=}
    dependencies:
      reusify: 1.0.4
    dev: true

  /fill-range@7.0.1:
    resolution: {integrity: sha1-GRmmp8df44ssfHflGYU12prN2kA=}
    engines: {node: '>=8'}
    dependencies:
      to-regex-range: 5.0.1
    dev: true

  /find-up@4.1.0:
    resolution: {integrity: sha1-l6/n1s3AvFkoWEt8jXsW6KmqXRk=}
    engines: {node: '>=8'}
    dependencies:
      locate-path: 5.0.0
      path-exists: 4.0.0
    dev: true

  /find-up@5.0.0:
    resolution: {integrity: sha1-TJKBnstwg1YeT0okCoa+UZj1Nvw=}
    engines: {node: '>=10'}
    dependencies:
      locate-path: 6.0.0
      path-exists: 4.0.0
    dev: true

  /find-yarn-workspace-root2@1.2.16:
    resolution: {integrity: sha1-YChwCd0vMk9ZZGvbS3YQprMBwqk=}
    dependencies:
      micromatch: 4.0.5
      pkg-dir: 4.2.0
    dev: true

  /fs-extra@7.0.1:
    resolution: {integrity: sha1-TxicRKoSO4lfcigE9V6iPq3DSOk=}
    engines: {node: '>=6 <7 || >=8'}
    dependencies:
      graceful-fs: 4.2.10
      jsonfile: 4.0.0
      universalify: 0.1.2
    dev: true

  /fs-extra@8.1.0:
    resolution: {integrity: sha1-SdQ8RaiM2Wd2aMt74bRu/bjS4cA=}
    engines: {node: '>=6 <7 || >=8'}
    dependencies:
      graceful-fs: 4.2.10
      jsonfile: 4.0.0
      universalify: 0.1.2
    dev: true

  /function-bind@1.1.1:
    resolution: {integrity: sha1-pWiZ0+o8m6uHS7l3O3xe3pL0iV0=}
    dev: true

  /function.prototype.name@1.1.5:
    resolution: {integrity: sha1-zOBQX+H/uAUD5vnkbMZORqEqliE=}
    engines: {node: '>= 0.4'}
    dependencies:
      call-bind: 1.0.2
      define-properties: 1.1.4
      es-abstract: 1.20.1
      functions-have-names: 1.2.3
    dev: true

  /functions-have-names@1.2.3:
    resolution: {integrity: sha1-BAT+TuK6L2B/Dg7DyAuumUEzuDQ=}
    dev: true

  /get-caller-file@2.0.5:
    resolution: {integrity: sha1-T5RBKoLbMvNuOwuXQfipf+sDH34=}
    engines: {node: 6.* || 8.* || >= 10.*}
    dev: true

  /get-intrinsic@1.1.2:
    resolution: {integrity: sha1-M2l1Ej4FrQt7pB8VLuSq2+ps9Zg=}
    dependencies:
      function-bind: 1.1.1
      has: 1.0.3
      has-symbols: 1.0.3
    dev: true

  /get-symbol-description@1.0.0:
    resolution: {integrity: sha1-f9uByQAQH71WTdXxowr1qtweWNY=}
    engines: {node: '>= 0.4'}
    dependencies:
      call-bind: 1.0.2
      get-intrinsic: 1.1.2
    dev: true

  /glob-parent@5.1.2:
    resolution: {integrity: sha1-hpgyxYA0/mikCTwX3BXoNA2EAcQ=}
    engines: {node: '>= 6'}
    dependencies:
      is-glob: 4.0.3
    dev: true

  /globby@11.1.0:
    resolution: {integrity: sha1-vUvpi7BC+D15b344EZkfvoKg00s=}
    engines: {node: '>=10'}
    dependencies:
      array-union: 2.1.0
      dir-glob: 3.0.1
      fast-glob: 3.2.11
      ignore: 5.2.0
      merge2: 1.4.1
      slash: 3.0.0
    dev: true

  /graceful-fs@4.2.10:
    resolution: {integrity: sha1-FH06AG2kyjzhRyjHrvwofDZ9emw=}
    dev: true

  /grapheme-splitter@1.0.4:
    resolution: {integrity: sha1-nPOmZcYkdHmJaDSvNc8du0QAdn4=}
    dev: true

  /hard-rejection@2.1.0:
    resolution: {integrity: sha1-HG7aXBaFxjlCdm15u0Cudzzs2IM=}
    engines: {node: '>=6'}
    dev: true

  /has-bigints@1.0.2:
    resolution: {integrity: sha1-CHG9Pj1RYm9soJZmaLo11WAtbqo=}
    dev: true

  /has-flag@3.0.0:
    resolution: {integrity: sha1-tdRU3CGZriJWmfNGfloH87lVuv0=}
    engines: {node: '>=4'}
    dev: true

  /has-flag@4.0.0:
    resolution: {integrity: sha1-lEdx/ZyByBJlxNaUGGDaBrtZR5s=}
    engines: {node: '>=8'}
    dev: true

  /has-property-descriptors@1.0.0:
    resolution: {integrity: sha1-YQcIYAYG02lh7QTBlhk7amB/qGE=}
    dependencies:
      get-intrinsic: 1.1.2
    dev: true

  /has-symbols@1.0.3:
    resolution: {integrity: sha1-u3ssQ0klHc6HsSX3vfh0qnyLOfg=}
    engines: {node: '>= 0.4'}
    dev: true

  /has-tostringtag@1.0.0:
    resolution: {integrity: sha1-fhM4GKfTlHNPlB5zw9P5KR5liyU=}
    engines: {node: '>= 0.4'}
    dependencies:
      has-symbols: 1.0.3
    dev: true

  /has@1.0.3:
    resolution: {integrity: sha1-ci18v8H2qoJB8W3YFOAR4fQeh5Y=}
    engines: {node: '>= 0.4.0'}
    dependencies:
      function-bind: 1.1.1
    dev: true

  /hosted-git-info@2.8.9:
    resolution: {integrity: sha1-3/wL+aIcAiCQkPKqaUKeFBTa8/k=}
    dev: true

  /human-id@1.0.2:
    resolution: {integrity: sha1-5lTUsrDYsH5F2p9gINivF+wKXfM=}
    dev: true

  /iconv-lite@0.4.24:
    resolution: {integrity: sha1-ICK0sl+93CHS9SSXSkdKr+czkIs=}
    engines: {node: '>=0.10.0'}
    dependencies:
      safer-buffer: 2.1.2
    dev: true

  /ignore@5.2.0:
    resolution: {integrity: sha1-bTusj6f+DUXZ+b57rC/CeVd+NFo=}
    engines: {node: '>= 4'}
    dev: true

  /indent-string@4.0.0:
    resolution: {integrity: sha1-Yk+PRJfWGbLZdoUx1Y9BIoVNclE=}
    engines: {node: '>=8'}
    dev: true

  /internal-slot@1.0.3:
    resolution: {integrity: sha1-c0fjB97uovqsKsYgXUvH00ln9Zw=}
    engines: {node: '>= 0.4'}
    dependencies:
      get-intrinsic: 1.1.2
      has: 1.0.3
      side-channel: 1.0.4
    dev: true

  /is-arrayish@0.2.1:
    resolution: {integrity: sha1-d8mYQFJ6qOyxqLppe4BkWnqSap0=}
    dev: true

  /is-bigint@1.0.4:
    resolution: {integrity: sha1-CBR6GHW8KzIAXUHM2Ckd/8ZpHfM=}
    dependencies:
      has-bigints: 1.0.2
    dev: true

  /is-boolean-object@1.1.2:
    resolution: {integrity: sha1-XG3CACRt2TIa5LiFoRS7H3X2Nxk=}
    engines: {node: '>= 0.4'}
    dependencies:
      call-bind: 1.0.2
      has-tostringtag: 1.0.0
    dev: true

  /is-callable@1.2.4:
    resolution: {integrity: sha1-RzAdWN0CWUB4ZVR4U99tYf5HGUU=}
    engines: {node: '>= 0.4'}
    dev: true

  /is-ci@3.0.1:
    resolution: {integrity: sha1-227L7RvWWcQ9rA9FZh52dBA9GGc=}
    hasBin: true
    dependencies:
      ci-info: 3.3.2
    dev: true

  /is-core-module@2.9.0:
    resolution: {integrity: sha1-4cNEKc1Rxt2eCeB5njluJ7GanGk=}
    dependencies:
      has: 1.0.3
    dev: true

  /is-date-object@1.0.5:
    resolution: {integrity: sha1-CEHVU25yTCVZe/bqYuG9OCmN8x8=}
    engines: {node: '>= 0.4'}
    dependencies:
      has-tostringtag: 1.0.0
    dev: true

  /is-extglob@2.1.1:
    resolution: {integrity: sha1-qIwCU1eR8C7TfHahueqXc8gz+MI=}
    engines: {node: '>=0.10.0'}
    dev: true

  /is-fullwidth-code-point@3.0.0:
    resolution: {integrity: sha1-8Rb4Bk/pCz94RKOJl8C3UFEmnx0=}
    engines: {node: '>=8'}
    dev: true

  /is-glob@4.0.3:
    resolution: {integrity: sha1-ZPYeQsu7LuwgcanawLKLoeZdUIQ=}
    engines: {node: '>=0.10.0'}
    dependencies:
      is-extglob: 2.1.1
    dev: true

  /is-negative-zero@2.0.2:
    resolution: {integrity: sha1-e/bwOigAO4s5Zd46wm9mTXZfMVA=}
    engines: {node: '>= 0.4'}
    dev: true

  /is-number-object@1.0.7:
    resolution: {integrity: sha1-WdUK2kxFJReE6ZBPUkbHQvB6Qvw=}
    engines: {node: '>= 0.4'}
    dependencies:
      has-tostringtag: 1.0.0
    dev: true

  /is-number@7.0.0:
    resolution: {integrity: sha1-dTU0W4lnNNX4DE0GxQlVUnoU8Ss=}
    engines: {node: '>=0.12.0'}
    dev: true

  /is-plain-obj@1.1.0:
    resolution: {integrity: sha1-caUMhCnfync8kqOQpKA7OfzVHT4=}
    engines: {node: '>=0.10.0'}
    dev: true

  /is-regex@1.1.4:
    resolution: {integrity: sha1-7vVmPNWfpMCuM5UFMj32hUuxWVg=}
    engines: {node: '>= 0.4'}
    dependencies:
      call-bind: 1.0.2
      has-tostringtag: 1.0.0
    dev: true

  /is-shared-array-buffer@1.0.2:
    resolution: {integrity: sha1-jyWcVztgtqMtQFihoHQwwKc0THk=}
    dependencies:
      call-bind: 1.0.2
    dev: true

  /is-string@1.0.7:
    resolution: {integrity: sha1-DdEr8gBvJVu1j2lREO/3SR7rwP0=}
    engines: {node: '>= 0.4'}
    dependencies:
      has-tostringtag: 1.0.0
    dev: true

  /is-subdir@1.2.0:
    resolution: {integrity: sha1-t5HNKPq1IC6RoIKA1R2dclT9INQ=}
    engines: {node: '>=4'}
    dependencies:
      better-path-resolve: 1.0.0
    dev: true

  /is-symbol@1.0.4:
    resolution: {integrity: sha1-ptrJO2NbBjymhyI23oiRClevE5w=}
    engines: {node: '>= 0.4'}
    dependencies:
      has-symbols: 1.0.3
    dev: true

  /is-weakref@1.0.2:
    resolution: {integrity: sha1-lSnzg6kzggXol2XgOS78LxAPBvI=}
    dependencies:
      call-bind: 1.0.2
    dev: true

  /is-windows@1.0.2:
    resolution: {integrity: sha1-0YUOuXkezRjmGCzhKjDzlmNLsZ0=}
    engines: {node: '>=0.10.0'}
    dev: true

  /isexe@2.0.0:
    resolution: {integrity: sha1-6PvzdNxVb/iUehDcsFctYz8s+hA=}
    dev: true

  /js-tokens@4.0.0:
    resolution: {integrity: sha1-GSA/tZmR35jjoocFDUZHzerzJJk=}
    dev: true

  /js-yaml@3.14.1:
    resolution: {integrity: sha1-2ugS/bOCX6MGYJqHFzg8UMNqBTc=}
    hasBin: true
    dependencies:
      argparse: 1.0.10
      esprima: 4.0.1
    dev: true

  /json-parse-even-better-errors@2.3.1:
    resolution: {integrity: sha1-fEeAWpQxmSjgV3dAXcEuH3pO4C0=}
    dev: true

  /jsonfile@4.0.0:
    resolution: {integrity: sha1-h3Gq4HmbZAdrdmQPygWPnBDjPss=}
    optionalDependencies:
      graceful-fs: artifactory.corp.ebay.com/graceful-fs@4.2.10
    dev: true

  /kind-of@6.0.3:
    resolution: {integrity: sha1-B8BQNKbDSfoG4k+jWqdttFgM5N0=}
    engines: {node: '>=0.10.0'}
    dev: true

  /kleur@4.1.5:
    resolution: {integrity: sha1-lRBhAXlfcFDGxlDzUMaD/r3bF4A=}
    engines: {node: '>=6'}
    dev: true

  /lines-and-columns@1.2.4:
    resolution: {integrity: sha1-7KKE910pZQeTCdwK2SVauy68FjI=}
    dev: true

  /load-yaml-file@0.2.0:
    resolution: {integrity: sha1-r4VO2vK+qJNGwHVJEidTwHNy9k0=}
    engines: {node: '>=6'}
    dependencies:
      graceful-fs: 4.2.10
      js-yaml: 3.14.1
      pify: 4.0.1
      strip-bom: 3.0.0
    dev: true

  /locate-path@5.0.0:
    resolution: {integrity: sha1-Gvujlq/WdqbUJQTQpno6frn2KqA=}
    engines: {node: '>=8'}
    dependencies:
      p-locate: 4.1.0
    dev: true

  /locate-path@6.0.0:
    resolution: {integrity: sha1-VTIeswn+u8WcSAHZMackUqaB0oY=}
    engines: {node: '>=10'}
    dependencies:
      p-locate: 5.0.0
    dev: true

  /lodash.startcase@4.4.0:
    resolution: {integrity: sha1-lDbjTtJgk+1/+uGTYUQ1CRXZrdg=}
    dev: true

  /lru-cache@4.1.5:
    resolution: {integrity: sha1-i75Q6oW+1ZvJ4z3KuCNe6bz0Q80=}
    dependencies:
      pseudomap: 1.0.2
      yallist: 2.1.2
    dev: true

  /map-obj@1.0.1:
    resolution: {integrity: sha1-2TPOuSBdgr3PSIb2dCvcK03qFG0=}
    engines: {node: '>=0.10.0'}
    dev: true

  /map-obj@4.3.0:
    resolution: {integrity: sha1-kwT5Buk/qucIgNoQKp8d8OqLsFo=}
    engines: {node: '>=8'}
    dev: true

  /meow@6.1.1:
    resolution: {integrity: sha1-GtZMS3ayok37L2Nf3crfMg0lFGc=}
    engines: {node: '>=8'}
    dependencies:
      '@types/minimist': 1.2.2
      camelcase-keys: 6.2.2
      decamelize-keys: 1.1.0
      hard-rejection: 2.1.0
      minimist-options: 4.1.0
      normalize-package-data: 2.5.0
      read-pkg-up: 7.0.1
      redent: 3.0.0
      trim-newlines: 3.0.1
      type-fest: 0.13.1
      yargs-parser: 18.1.3
    dev: true

  /merge2@1.4.1:
    resolution: {integrity: sha1-Q2iJL4hekHRVpv19xVwMnUBJkK4=}
    engines: {node: '>= 8'}
    dev: true

  /micromatch@4.0.5:
    resolution: {integrity: sha1-vImZp8u/d83InxMvbkZwUbSQkMY=}
    engines: {node: '>=8.6'}
    dependencies:
      braces: 3.0.2
      picomatch: 2.3.1
    dev: true

  /min-indent@1.0.1:
    resolution: {integrity: sha1-pj9oFnOzBXH76LwlaGrnRu76mGk=}
    engines: {node: '>=4'}
    dev: true

  /minimist-options@4.1.0:
    resolution: {integrity: sha1-wGVXE8U6ii69d/+iR9NCxA8BBhk=}
    engines: {node: '>= 6'}
    dependencies:
      arrify: 1.0.1
      is-plain-obj: 1.1.0
      kind-of: 6.0.3
    dev: true

  /mixme@0.5.4:
    resolution: {integrity: sha1-jLO9DNMqUTwWG/HKmdFD8Lzy7/M=}
    engines: {node: '>= 8.0.0'}
    dev: true

  /normalize-package-data@2.5.0:
    resolution: {integrity: sha1-5m2xg4sgDB38IzIl0SyzZSDiNKg=}
    dependencies:
      hosted-git-info: 2.8.9
      resolve: 1.22.1
      semver: 5.7.1
      validate-npm-package-license: 3.0.4
    dev: true

  /object-inspect@1.12.2:
    resolution: {integrity: sha1-wGQfJjlFMvKKuNeWq5VOQ8AJqOo=}
    dev: true

  /object-keys@1.1.1:
    resolution: {integrity: sha1-HEfyct8nfzsdrwYWd9nILiMixg4=}
    engines: {node: '>= 0.4'}
    dev: true

  /object.assign@4.1.2:
    resolution: {integrity: sha1-DtVKNC7Os3s4/3brgxoOeIy2OUA=}
    engines: {node: '>= 0.4'}
    dependencies:
      call-bind: 1.0.2
      define-properties: 1.1.4
      has-symbols: 1.0.3
      object-keys: 1.1.1
    dev: true

  /os-tmpdir@1.0.2:
    resolution: {integrity: sha1-u+Z0BseaqFxc/sdm/lc0VV36EnQ=}
    engines: {node: '>=0.10.0'}
    dev: true

  /outdent@0.5.0:
    resolution: {integrity: sha1-nhCYL9xBSSu0c60ThA0i+WVb4v8=}
    dev: true

  /p-filter@2.1.0:
    resolution: {integrity: sha1-GxRyVirnoPdC8PPT03GOpm/5wJw=}
    engines: {node: '>=8'}
    dependencies:
      p-map: 2.1.0
    dev: true

  /p-limit@2.3.0:
    resolution: {integrity: sha1-PdM8ZHohT9//2DWTPrCG2g3CHbE=}
    engines: {node: '>=6'}
    dependencies:
      p-try: 2.2.0
    dev: true

  /p-limit@3.1.0:
    resolution: {integrity: sha1-4drMvnjQ0TiMoYxk/qOOPlfjcGs=}
    engines: {node: '>=10'}
    dependencies:
      yocto-queue: 0.1.0
    dev: true

  /p-locate@4.1.0:
    resolution: {integrity: sha1-o0KLtwiLOmApL2aRkni3wpetTwc=}
    engines: {node: '>=8'}
    dependencies:
      p-limit: 2.3.0
    dev: true

  /p-locate@5.0.0:
    resolution: {integrity: sha1-g8gxXGeFAF470CGDlBHJ4RDm2DQ=}
    engines: {node: '>=10'}
    dependencies:
      p-limit: 3.1.0
    dev: true

  /p-map@2.1.0:
    resolution: {integrity: sha1-MQko/u+cnsxltosXaTAYpmXOoXU=}
    engines: {node: '>=6'}
    dev: true

  /p-try@2.2.0:
    resolution: {integrity: sha1-yyhoVA4xPWHeWPr741zpAE1VQOY=}
    engines: {node: '>=6'}
    dev: true

  /parse-json@5.2.0:
    resolution: {integrity: sha1-x2/Gbe5UIxyWKyK8yKcs8vmXU80=}
    engines: {node: '>=8'}
    dependencies:
      '@babel/code-frame': 7.18.6
      error-ex: 1.3.2
      json-parse-even-better-errors: 2.3.1
      lines-and-columns: 1.2.4
    dev: true

  /path-exists@4.0.0:
    resolution: {integrity: sha1-UTvb4tO5XXdi6METfvoZXGxhtbM=}
    engines: {node: '>=8'}
    dev: true

  /path-parse@1.0.7:
    resolution: {integrity: sha1-+8EUtgykKzDZ2vWFjkvWi77bZzU=}
    dev: true

  /path-type@4.0.0:
    resolution: {integrity: sha1-hO0BwKe6OAr+CdkKjBgNzZ0DBDs=}
    engines: {node: '>=8'}
    dev: true

  /picomatch@2.3.1:
    resolution: {integrity: sha1-O6ODNzNkbZ0+SZWUbBNlpn+wekI=}
    engines: {node: '>=8.6'}
    dev: true

  /pify@4.0.1:
    resolution: {integrity: sha1-SyzSXFDVmHNcUCkiJP2MbfQeMjE=}
    engines: {node: '>=6'}
    dev: true

  /pkg-dir@4.2.0:
    resolution: {integrity: sha1-8JkTPfft5CLoHR2ESCcO6z5CYfM=}
    engines: {node: '>=8'}
    dependencies:
      find-up: 4.1.0
    dev: true

  /preferred-pm@3.0.3:
    resolution: {integrity: sha1-G2M4AANx4+285S7y5PZesuc1htY=}
    engines: {node: '>=10'}
    dependencies:
      find-up: 5.0.0
      find-yarn-workspace-root2: 1.2.16
      path-exists: 4.0.0
      which-pm: 2.0.0
    dev: true

  /prettier@1.19.1:
    resolution: {integrity: sha1-99f1/4qc2HKnvkyhQglZVqYHl8s=}
    engines: {node: '>=4'}
    hasBin: true
    dev: true

  /pseudomap@1.0.2:
    resolution: {integrity: sha1-8FKijacOYYkX7wqKw0wa5aaChrM=}
    dev: true

  /queue-microtask@1.2.3:
    resolution: {integrity: sha1-SSkii7xyTfrEPg77BYyve2z7YkM=}
    dev: true

  /quick-lru@4.0.1:
    resolution: {integrity: sha1-W4h48ROlgheEjGSCAmxz4bpXcn8=}
    engines: {node: '>=8'}
    dev: true

  /read-pkg-up@7.0.1:
    resolution: {integrity: sha1-86YTV1hFlzOuK5VjgFbhhU5+9Qc=}
    engines: {node: '>=8'}
    dependencies:
      find-up: 4.1.0
      read-pkg: 5.2.0
      type-fest: 0.8.1
    dev: true

  /read-pkg@5.2.0:
    resolution: {integrity: sha1-e/KVQ4yloz5WzTDgU7NO5yUMk8w=}
    engines: {node: '>=8'}
    dependencies:
      '@types/normalize-package-data': 2.4.1
      normalize-package-data: 2.5.0
      parse-json: 5.2.0
      type-fest: 0.6.0
    dev: true

  /read-yaml-file@1.1.0:
    resolution: {integrity: sha1-k2K7y9x3AHzI6kUZ/hwLghp84Ng=}
    engines: {node: '>=6'}
    dependencies:
      graceful-fs: 4.2.10
      js-yaml: 3.14.1
      pify: 4.0.1
      strip-bom: 3.0.0
    dev: true

  /redent@3.0.0:
    resolution: {integrity: sha1-5Ve3mYMWu1PJ8fVvpiY1LGljBZ8=}
    engines: {node: '>=8'}
    dependencies:
      indent-string: 4.0.0
      strip-indent: 3.0.0
    dev: true

  /regenerator-runtime@0.13.9:
    resolution: {integrity: sha1-iSV0Kpj/2QgUmI11Zq0wyjsmO1I=}
    dev: true

  /regexp.prototype.flags@1.4.3:
    resolution: {integrity: sha1-h8qzD4D2ZmAYGju3v1mBqHKzZ6w=}
    engines: {node: '>= 0.4'}
    dependencies:
      call-bind: 1.0.2
      define-properties: 1.1.4
      functions-have-names: 1.2.3
    dev: true

  /require-directory@2.1.1:
    resolution: {integrity: sha1-jGStX9MNqxyXbiNE/+f3kqam30I=}
    engines: {node: '>=0.10.0'}
    dev: true

  /require-main-filename@2.0.0:
    resolution: {integrity: sha1-0LMp7MfMD2Fkn2IhW+aa9UqomJs=}
    dev: true

  /resolve-from@5.0.0:
    resolution: {integrity: sha1-w1IlhD3493bfIcV1V7wIfp39/Gk=}
    engines: {node: '>=8'}
    dev: true

  /resolve@1.22.1:
    resolution: {integrity: sha1-J8suu1P5GrtJRwqSi7p1WAZqwXc=}
    hasBin: true
    dependencies:
      is-core-module: 2.9.0
      path-parse: 1.0.7
      supports-preserve-symlinks-flag: 1.0.0
    dev: true

  /reusify@1.0.4:
    resolution: {integrity: sha1-kNo4Kx4SbvwCFG6QhFqI2xKSXXY=}
    engines: {iojs: '>=1.0.0', node: '>=0.10.0'}
    dev: true

  /run-parallel@1.2.0:
    resolution: {integrity: sha1-ZtE2jae9+SHrnZW9GpIp5/IaQ+4=}
    dependencies:
      queue-microtask: 1.2.3
    dev: true

  /safer-buffer@2.1.2:
    resolution: {integrity: sha1-RPoWGwGHuVSd2Eu5GAL5vYOFzWo=}
    dev: true

  /semver@5.7.1:
    resolution: {integrity: sha1-qVT5Ma66UI0we78Gnv8MAclhFvc=}
    hasBin: true
    dev: true

  /set-blocking@2.0.0:
    resolution: {integrity: sha1-BF+XgtARrppoA93TgrJDkrPYkPc=}
    dev: true

  /shebang-command@1.2.0:
    resolution: {integrity: sha1-RKrGW2lbAzmJaMOfNj/uXer98eo=}
    engines: {node: '>=0.10.0'}
    dependencies:
      shebang-regex: 1.0.0
    dev: true

  /shebang-regex@1.0.0:
    resolution: {integrity: sha1-2kL0l0DAtC2yypcoVxyxkMmO/qM=}
    engines: {node: '>=0.10.0'}
    dev: true

  /side-channel@1.0.4:
    resolution: {integrity: sha1-785cj9wQTudRslxY1CkAEfpeos8=}
    dependencies:
      call-bind: 1.0.2
      get-intrinsic: 1.1.2
      object-inspect: 1.12.2
    dev: true

  /signal-exit@3.0.7:
    resolution: {integrity: sha1-qaF2f4r4QVURTqq9c/mSc8j1mtk=}
    dev: true

  /slash@3.0.0:
    resolution: {integrity: sha1-ZTm+hwwWWtvVJAIg2+Nh8bxNRjQ=}
    engines: {node: '>=8'}
    dev: true

  /smartwrap@2.0.2:
    resolution: {integrity: sha1-fiXT3Vi1HGykq6Op45FlDqYmmKQ=}
    engines: {node: '>=6'}
    hasBin: true
    dependencies:
      array.prototype.flat: 1.3.0
      breakword: 1.0.5
      grapheme-splitter: 1.0.4
      strip-ansi: 6.0.1
      wcwidth: 1.0.1
      yargs: 15.4.1
    dev: true

  /spawndamnit@2.0.0:
    resolution: {integrity: sha1-n3YqxcNHaruZS0KtWSta0iu0sK0=}
    dependencies:
      cross-spawn: 5.1.0
      signal-exit: 3.0.7
    dev: true

  /spdx-correct@3.1.1:
    resolution: {integrity: sha1-3s6BrJweZxPl99G28X1Gj6U9iak=}
    dependencies:
      spdx-expression-parse: 3.0.1
      spdx-license-ids: 3.0.11
    dev: true

  /spdx-exceptions@2.3.0:
    resolution: {integrity: sha1-PyjOGnegA3JoPq3kpDMYNSeiFj0=}
    dev: true

  /spdx-expression-parse@3.0.1:
    resolution: {integrity: sha1-z3D1BILu/cmOPOCmgz5KU87rpnk=}
    dependencies:
      spdx-exceptions: 2.3.0
      spdx-license-ids: 3.0.11
    dev: true

  /spdx-license-ids@3.0.11:
    resolution: {integrity: sha1-UMDYxAoU7Bv0Sbrmmg6kaFqdn5U=}
    dev: true

  /sprintf-js@1.0.3:
    resolution: {integrity: sha1-BOaSb2YolTVPPdAVIDYzuFcpfiw=}
    dev: true

  /stream-transform@2.1.3:
    resolution: {integrity: sha1-ocPs1y3b9QCqjTQrC53zj1qlmOM=}
    dependencies:
      mixme: 0.5.4
    dev: true

  /string-width@4.2.3:
    resolution: {integrity: sha1-JpxxF9J7Ba0uU2gwqOyJXvnG0BA=}
    engines: {node: '>=8'}
    dependencies:
      emoji-regex: 8.0.0
      is-fullwidth-code-point: 3.0.0
      strip-ansi: 6.0.1
    dev: true

  /string.prototype.trimend@1.0.5:
    resolution: {integrity: sha1-kUpluqqyX73U7ikcp93lfoacuNA=}
    dependencies:
      call-bind: 1.0.2
      define-properties: 1.1.4
      es-abstract: 1.20.1
    dev: true

  /string.prototype.trimstart@1.0.5:
    resolution: {integrity: sha1-VGbZO6WM+iE0g5+B1/QkN+jAH+8=}
    dependencies:
      call-bind: 1.0.2
      define-properties: 1.1.4
      es-abstract: 1.20.1
    dev: true

  /strip-ansi@6.0.1:
    resolution: {integrity: sha1-nibGPTD1NEPpSJSVshBdN7Z6hdk=}
    engines: {node: '>=8'}
    dependencies:
      ansi-regex: 5.0.1
    dev: true

  /strip-bom@3.0.0:
    resolution: {integrity: sha1-IzTBjpx1n3vdVv3vfprj1YjmjtM=}
    engines: {node: '>=4'}
    dev: true

  /strip-indent@3.0.0:
    resolution: {integrity: sha1-wy4c7pQLazQyx3G8LFS8znPNMAE=}
    engines: {node: '>=8'}
    dependencies:
      min-indent: 1.0.1
    dev: true

  /supports-color@5.5.0:
    resolution: {integrity: sha1-4uaaRKyHcveKHsCzW2id9lMO/I8=}
    engines: {node: '>=4'}
    dependencies:
      has-flag: 3.0.0
    dev: true

  /supports-color@7.2.0:
    resolution: {integrity: sha1-G33NyzK4E4gBs+R4umpRyqiWSNo=}
    engines: {node: '>=8'}
    dependencies:
      has-flag: 4.0.0
    dev: true

  /supports-preserve-symlinks-flag@1.0.0:
    resolution: {integrity: sha1-btpL00SjyUrqN21MwxvHcxEDngk=}
    engines: {node: '>= 0.4'}
    dev: true

  /term-size@2.2.1:
    resolution: {integrity: sha1-KmpUhAQywvtjIP6g9BVTHpAYn1Q=}
    engines: {node: '>=8'}
    dev: true

  /tmp@0.0.33:
    resolution: {integrity: sha1-bTQzWIl2jSGyvNoKonfO07G/rfk=}
    engines: {node: '>=0.6.0'}
    dependencies:
      os-tmpdir: 1.0.2
    dev: true

  /to-regex-range@5.0.1:
    resolution: {integrity: sha1-FkjESq58jZiKMmAY7XL1tN0DkuQ=}
    engines: {node: '>=8.0'}
    dependencies:
      is-number: 7.0.0
    dev: true

  /trim-newlines@3.0.1:
    resolution: {integrity: sha1-Jgpdli2LdSQlsy86fbDcrNF2wUQ=}
    engines: {node: '>=8'}
    dev: true

  /tty-table@4.1.6:
    resolution: {integrity: sha1-a9WDOPNslMzkeMMzeTTYplq0CnM=}
    engines: {node: '>=8.0.0'}
    hasBin: true
    dependencies:
      chalk: 4.1.2
      csv: 5.5.3
      kleur: 4.1.5
      smartwrap: 2.0.2
      strip-ansi: 6.0.1
      wcwidth: 1.0.1
      yargs: 17.5.1
    dev: true

  /type-fest@0.13.1:
    resolution: {integrity: sha1-AXLLW86AsL1ULqNI21DH4hg02TQ=}
    engines: {node: '>=10'}
    dev: true

  /type-fest@0.6.0:
    resolution: {integrity: sha1-jSojcNPfiG61yQraHFv2GIrPg4s=}
    engines: {node: '>=8'}
    dev: true

  /type-fest@0.8.1:
    resolution: {integrity: sha1-CeJJ696FHTseSNJ8EFREZn8XuD0=}
    engines: {node: '>=8'}
    dev: true

  /unbox-primitive@1.0.2:
    resolution: {integrity: sha1-KQMgIQV9Xmzb0IxRKcIm3/jtb54=}
    dependencies:
      call-bind: 1.0.2
      has-bigints: 1.0.2
      has-symbols: 1.0.3
      which-boxed-primitive: 1.0.2
    dev: true

  /universalify@0.1.2:
    resolution: {integrity: sha1-tkb2m+OULavOzJ1mOcgNwQXvqmY=}
    engines: {node: '>= 4.0.0'}
    dev: true

  /validate-npm-package-license@3.0.4:
    resolution: {integrity: sha1-/JH2uce6FchX9MssXe/uw51PQQo=}
    dependencies:
      spdx-correct: 3.1.1
      spdx-expression-parse: 3.0.1
    dev: true

  /wcwidth@1.0.1:
    resolution: {integrity: sha1-8LDc+RW8X/FSivrbLA4XtTLaL+g=}
    dependencies:
      defaults: 1.0.3
    dev: true

  /which-boxed-primitive@1.0.2:
    resolution: {integrity: sha1-E3V7yJsgmwSf5dhkMOIc9AqJqOY=}
    dependencies:
      is-bigint: 1.0.4
      is-boolean-object: 1.1.2
      is-number-object: 1.0.7
      is-string: 1.0.7
      is-symbol: 1.0.4
    dev: true

  /which-module@2.0.0:
    resolution: {integrity: sha1-2e8H3Od7mQK4o6j6SzHD4/fm6Ho=}
    dev: true

  /which-pm@2.0.0:
    resolution: {integrity: sha1-gkVgns/mS/dR0O7y83bYO/Hdt64=}
    engines: {node: '>=8.15'}
    dependencies:
      load-yaml-file: 0.2.0
      path-exists: 4.0.0
    dev: true

  /which@1.3.1:
    resolution: {integrity: sha1-pFBD1U9YBTFtqNYvn1CRjT2nCwo=}
    hasBin: true
    dependencies:
      isexe: 2.0.0
    dev: true

  /wrap-ansi@6.2.0:
    resolution: {integrity: sha1-6Tk7oHEC5skaOyIUePAlfNKFblM=}
    engines: {node: '>=8'}
    dependencies:
      ansi-styles: 4.3.0
      string-width: 4.2.3
      strip-ansi: 6.0.1
    dev: true

  /wrap-ansi@7.0.0:
    resolution: {integrity: sha1-Z+FFz/UQpqaYS98RUpEdadLrnkM=}
    engines: {node: '>=10'}
    dependencies:
      ansi-styles: 4.3.0
      string-width: 4.2.3
      strip-ansi: 6.0.1
    dev: true

  /y18n@4.0.3:
    resolution: {integrity: sha1-tfJZyCzW4zaSHv17/Yv1YN6e7t8=}
    dev: true

  /y18n@5.0.8:
    resolution: {integrity: sha1-f0k00PfKjFb5UxSTndzS3ZHOHVU=}
    engines: {node: '>=10'}
    dev: true

  /yallist@2.1.2:
    resolution: {integrity: sha1-HBH5IY8HYImkfdUS+TxmmaaoHVI=}
    dev: true

  /yargs-parser@18.1.3:
    resolution: {integrity: sha1-vmjEl1xrKr9GkjawyHA2L6sJp7A=}
    engines: {node: '>=6'}
    dependencies:
      camelcase: 5.3.1
      decamelize: 1.2.0
    dev: true

  /yargs-parser@21.0.1:
    resolution: {integrity: sha1-Amfyhsh3pPD3KPzrb4o+TLlcbjU=}
    engines: {node: '>=12'}
    dev: true

  /yargs@15.4.1:
    resolution: {integrity: sha1-DYehbeAa7p2L7Cv7909nhRcw9Pg=}
    engines: {node: '>=8'}
    dependencies:
      cliui: 6.0.0
      decamelize: 1.2.0
      find-up: 4.1.0
      get-caller-file: 2.0.5
      require-directory: 2.1.1
      require-main-filename: 2.0.0
      set-blocking: 2.0.0
      string-width: 4.2.3
      which-module: 2.0.0
      y18n: 4.0.3
      yargs-parser: 18.1.3
    dev: true

  /yargs@17.5.1:
    resolution: {integrity: sha1-4QmQDKtvy3/USx2CSRZv6ws25Y4=}
    engines: {node: '>=12'}
    dependencies:
      cliui: 7.0.4
      escalade: 3.1.1
      get-caller-file: 2.0.5
      require-directory: 2.1.1
      string-width: 4.2.3
      y18n: 5.0.8
      yargs-parser: 21.0.1
    dev: true

  /yocto-queue@0.1.0:
    resolution: {integrity: sha1-ApTrPe4FAo0x7hpfosVWpqrxChs=}
    engines: {node: '>=10'}
    dev: true

  artifactory.corp.ebay.com/graceful-fs@4.2.10:
    resolution: {integrity: sha512-9ByhssR2fPVsNZj478qUUbKfmL0+t5BDVyjShtyZZLiK7ZDAArFFfopyOTj0M05wE2tJPisA4iTnnXl2YoPvOA==, registry: https://npm.corp.ebay.com/, tarball: https://artifactory.corp.ebay.com/artifactory/api/npm/npm-corp/graceful-fs/-/graceful-fs-4.2.10.tgz}
    name: graceful-fs
    version: 4.2.10
    requiresBuild: true
    dev: true
    optional: true
